
Microsoft Visual Studio Solution File, Format Version 12.00
# Visual Studio 2012
Project("{2150E333-8FDC-42A3-9474-1A3956D46DE8}") = "Sources", "Sources", "{BC2DF808-D5CB-4C06-8AC2-D772407CDD23}"
EndProject
Project("{2150E333-8FDC-42A3-9474-1A3956D46DE8}") = "Tests", "Tests", "{00C42FFB-D661-40EB-A872-448DD7EA18C8}"
EndProject
Project("{2150E333-8FDC-42A3-9474-1A3956D46DE8}") = "Antlr", "Antlr", "{B8231F8C-0F37-43B8-B20A-6F71E9CFAA3E}"
	ProjectSection(SolutionItems) = preProject
		Antlr\Antlr.Net.xps = Antlr\Antlr.Net.xps
		Antlr\Antlr3.Runtime.Debug.dll = Antlr\Antlr3.Runtime.Debug.dll
		Antlr\Antlr3.Runtime.dll = Antlr\Antlr3.Runtime.dll
		Antlr\Antlr3.StringTemplate.dll = Antlr\Antlr3.StringTemplate.dll
		Antlr\Antlr3.exe = Antlr\Antlr3.exe
		Antlr\Antlr3.exe.config = Antlr\Antlr3.exe.config
		Antlr\Antlr3.targets = Antlr\Antlr3.targets
		Antlr\AntlrBuildTask.dll = Antlr\AntlrBuildTask.dll
	EndProjectSection
EndProject
Project("{2150E333-8FDC-42A3-9474-1A3956D46DE8}") = "BCL", "BCL", "{A64B5AAF-7EF9-42F8-8F93-00424C95C99A}"
EndProject
Project("{2150E333-8FDC-42A3-9474-1A3956D46DE8}") = "Dependencies", "Dependencies", "{D40F5B9D-0573-4366-8519-DD11968A29A3}"
	ProjectSection(SolutionItems) = preProject
		Dependencies\Mono.Cecil.Mdb.dll = Dependencies\Mono.Cecil.Mdb.dll
		Dependencies\Mono.Cecil.Mdb.pdb = Dependencies\Mono.Cecil.Mdb.pdb
		Dependencies\Mono.Cecil.Pdb.dll = Dependencies\Mono.Cecil.Pdb.dll
		Dependencies\Mono.Cecil.Pdb.pdb = Dependencies\Mono.Cecil.Pdb.pdb
		Dependencies\Mono.Cecil.dll = Dependencies\Mono.Cecil.dll
		Dependencies\Mono.Cecil.pdb = Dependencies\Mono.Cecil.pdb
		Dependencies\mcs.dll = Dependencies\mcs.dll
		Dependencies\mcs.pdb = Dependencies\mcs.pdb
	EndProjectSection
EndProject
Project("{2150E333-8FDC-42A3-9474-1A3956D46DE8}") = "Cs2JsCToolSet", "Cs2JsCToolSet", "{9A6CC298-B900-4F93-9906-247E2ACBC5DF}"
	ProjectSection(SolutionItems) = preProject
		Cs2JsCToolSet\Cs2JsC.CSharp.targets = Cs2JsCToolSet\Cs2JsC.CSharp.targets
	EndProjectSection
EndProject
Project("{2150E333-8FDC-42A3-9474-1A3956D46DE8}") = "ProjectTemplate", "ProjectTemplate", "{5A091F50-4BF6-4325-9120-F9CAB4F8F318}"
	ProjectSection(SolutionItems) = preProject
		Cs2JsCToolSet\Templates\ProjectTemplate\Cs2JsC.VSTDIR = Cs2JsCToolSet\Templates\ProjectTemplate\Cs2JsC.VSTDIR
		Cs2JsCToolSet\Templates\ProjectTemplate\Cs2JsC_Application.zip = Cs2JsCToolSet\Templates\ProjectTemplate\Cs2JsC_Application.zip
		Cs2JsCToolSet\Templates\ProjectTemplate\Cs2JsC_Library.zip = Cs2JsCToolSet\Templates\ProjectTemplate\Cs2JsC_Library.zip
		Cs2JsCToolSet\Templates\ProjectTemplate\Cs2JsC_Test.zip = Cs2JsCToolSet\Templates\ProjectTemplate\Cs2JsC_Test.zip
	EndProjectSection
EndProject
Project("{2150E333-8FDC-42A3-9474-1A3956D46DE8}") = "Templates", "Templates", "{ABBF9A84-B0E7-4275-934B-D128C85BC290}"
EndProject
Project("{2150E333-8FDC-42A3-9474-1A3956D46DE8}") = "Cs2JsC_Library", "Cs2JsC_Library", "{B1C5E03F-37EC-44B6-B624-8917D9FB29F8}"
	ProjectSection(SolutionItems) = preProject
		Cs2JsCToolSet\Templates\ProjectTemplate\Cs2JsC_Library\Class.cs = Cs2JsCToolSet\Templates\ProjectTemplate\Cs2JsC_Library\Class.cs
		Cs2JsCToolSet\Templates\ProjectTemplate\Cs2JsC_Library\Cs2JsC_Library.csproj = Cs2JsCToolSet\Templates\ProjectTemplate\Cs2JsC_Library\Cs2JsC_Library.csproj
		Cs2JsCToolSet\Templates\ProjectTemplate\Cs2JsC_Library\Cs2JsC_Library.vstemplate = Cs2JsCToolSet\Templates\ProjectTemplate\Cs2JsC_Library\Cs2JsC_Library.vstemplate
		Cs2JsCToolSet\Templates\ProjectTemplate\Cs2JsC_Library\Logo.ico = Cs2JsCToolSet\Templates\ProjectTemplate\Cs2JsC_Library\Logo.ico
	EndProjectSection
EndProject
Project("{2150E333-8FDC-42A3-9474-1A3956D46DE8}") = "Cs2JsC_Application", "Cs2JsC_Application", "{562DF6A9-98E6-4C83-94E1-7A5310CE1962}"
	ProjectSection(SolutionItems) = preProject
		Cs2JsCToolSet\Templates\ProjectTemplate\Cs2JsC_Application\Class.cs = Cs2JsCToolSet\Templates\ProjectTemplate\Cs2JsC_Application\Class.cs
		Cs2JsCToolSet\Templates\ProjectTemplate\Cs2JsC_Application\Cs2JsC_Application.csproj = Cs2JsCToolSet\Templates\ProjectTemplate\Cs2JsC_Application\Cs2JsC_Application.csproj
		Cs2JsCToolSet\Templates\ProjectTemplate\Cs2JsC_Application\Cs2JsC_Application.vstemplate = Cs2JsCToolSet\Templates\ProjectTemplate\Cs2JsC_Application\Cs2JsC_Application.vstemplate
		Cs2JsCToolSet\Templates\ProjectTemplate\Cs2JsC_Application\Logo.ico = Cs2JsCToolSet\Templates\ProjectTemplate\Cs2JsC_Application\Logo.ico
	EndProjectSection
EndProject
Project("{2150E333-8FDC-42A3-9474-1A3956D46DE8}") = "Cs2JsC_Test", "Cs2JsC_Test", "{CF45FAE8-3DAD-4159-BBDD-CC6D3C06B91F}"
	ProjectSection(SolutionItems) = preProject
		Cs2JsCToolSet\Templates\ProjectTemplate\Cs2JsC_Test\Cs2JsC_Test.csproj = Cs2JsCToolSet\Templates\ProjectTemplate\Cs2JsC_Test\Cs2JsC_Test.csproj
		Cs2JsCToolSet\Templates\ProjectTemplate\Cs2JsC_Test\Cs2JsC_Test.vstemplate = Cs2JsCToolSet\Templates\ProjectTemplate\Cs2JsC_Test\Cs2JsC_Test.vstemplate
		Cs2JsCToolSet\Templates\ProjectTemplate\Cs2JsC_Test\Logo.ico = Cs2JsCToolSet\Templates\ProjectTemplate\Cs2JsC_Test\Logo.ico
		Cs2JsCToolSet\Templates\ProjectTemplate\Cs2JsC_Test\PluginConfig.xml = Cs2JsCToolSet\Templates\ProjectTemplate\Cs2JsC_Test\PluginConfig.xml
		Cs2JsCToolSet\Templates\ProjectTemplate\Cs2JsC_Test\TestClass.cs = Cs2JsCToolSet\Templates\ProjectTemplate\Cs2JsC_Test\TestClass.cs
	EndProjectSection
EndProject
Project("{FAE04EC0-301F-11D3-BF4B-00C04F79EFBC}") = "Cs2JsC", "Sources\Cs2JsC\Cs2JsC.csproj", "{71392F3D-7171-43FA-8F68-365A31889AB0}"
	ProjectSection(ProjectDependencies) = postProject
		{8E168B27-2033-412A-B362-5102400EA471} = {8E168B27-2033-412A-B362-5102400EA471}
	EndProjectSection
EndProject
Project("{FAE04EC0-301F-11D3-BF4B-00C04F79EFBC}") = "Cs2JsC.Utils", "Sources\Cs2JsC.Utils\Cs2JsC.Utils.csproj", "{030B10DD-4861-4BE1-B0D6-DB43587E603F}"
EndProject
Project("{FAE04EC0-301F-11D3-BF4B-00C04F79EFBC}") = "Cs2JsC.JS.AST", "Sources\Cs2JsC.JST\Cs2JsC.JS.AST.csproj", "{35789C27-44DE-4251-8528-6B0DE5C66608}"
EndProject
Project("{FAE04EC0-301F-11D3-BF4B-00C04F79EFBC}") = "Cs2JsC.CLR", "Sources\Cs2JsC.CLR\Cs2JsC.CLR.csproj", "{83FB5360-CE27-4255-8457-13E789DC5B0C}"
EndProject
Project("{FAE04EC0-301F-11D3-BF4B-00C04F79EFBC}") = "Cs2JsC.CLR.Test", "Test\Cs2JsC.CLR.Test\Cs2JsC.CLR.Test.csproj", "{EC58B191-43C1-4F6B-AFB6-506F3FE3A92B}"
EndProject
Project("{FAE04EC0-301F-11D3-BF4B-00C04F79EFBC}") = "Cs2JsC.Converter", "Sources\Cs2JsC.Converter\Cs2JsC.Converter.csproj", "{2CB180C7-D96A-4E43-8676-F928E4736A1F}"
EndProject
Project("{FAE04EC0-301F-11D3-BF4B-00C04F79EFBC}") = "Cs2JsC.Converter.Test", "Test\Cs2JsC.Converter.Test\Cs2JsC.Converter.Test.csproj", "{C66D5C17-4E9A-4E91-A62C-927F7FD94B06}"
EndProject
Project("{FAE04EC0-301F-11D3-BF4B-00C04F79EFBC}") = "Cs2JsC.JSParser", "Sources\Cs2JsC.JSParser\Cs2JsC.JSParser.csproj", "{52661571-B3EE-421E-A6ED-983023665738}"
EndProject
Project("{FAE04EC0-301F-11D3-BF4B-00C04F79EFBC}") = "Cs2JsC.JSParser.Test", "Test\Cs2JsC.JSParser.Test\Cs2JsC.JSParser.Test.csproj", "{3C8F7229-645F-4899-BEF5-6E55660EFD16}"
EndProject
Project("{FAE04EC0-301F-11D3-BF4B-00C04F79EFBC}") = "Cs2JsC.MsCorlib", "Sources\mscorlib\Cs2JsC.MsCorlib.csproj", "{3CFBE1AA-475A-46ED-8F46-62AE7F3B5CBB}"
	ProjectSection(ProjectDependencies) = postProject
		{584493DA-04A9-4A95-AA49-F532A85D8C1A} = {584493DA-04A9-4A95-AA49-F532A85D8C1A}
	EndProjectSection
EndProject
Project("{FAE04EC0-301F-11D3-BF4B-00C04F79EFBC}") = "Cs2JsC.Converter.Plugins", "Sources\Cs2JsC.Converter.Plugins\Cs2JsC.Converter.Plugins.csproj", "{8E168B27-2033-412A-B362-5102400EA471}"
EndProject
Project("{FAE04EC0-301F-11D3-BF4B-00C04F79EFBC}") = "TestWebApplication", "Test\TestWebApplication\TestWebApplication.csproj", "{ADF8F287-C67B-43DE-A463-DFD7BB4EACD0}"
EndProject
Project("{FAE04EC0-301F-11D3-BF4B-00C04F79EFBC}") = "JsCsc.Lib", "Sources\JsCsc.Lib\JsCsc.Lib.csproj", "{65FDB136-49EE-4316-95C5-AEE4C1A5DA83}"
EndProject
Project("{FAE04EC0-301F-11D3-BF4B-00C04F79EFBC}") = "JsCsc", "Sources\JsCsc\JsCsc.csproj", "{584493DA-04A9-4A95-AA49-F532A85D8C1A}"
EndProject
Project("{FAE04EC0-301F-11D3-BF4B-00C04F79EFBC}") = "System.Web.Html", "Sources\System.Web.Html\System.Web.Html.csproj", "{A60706FF-08D7-4320-99F9-A2413275CDF6}"
EndProject
Global
	GlobalSection(TestCaseManagementSettings) = postSolution
		CategoryFile = Cs2JsC1.vsmdi
	EndGlobalSection
	GlobalSection(SolutionConfigurationPlatforms) = preSolution
		Debug|ARM = Debug|ARM
		Debug|Any CPU = Debug|Any CPU
		Debug|Mixed Platforms = Debug|Mixed Platforms
		Debug|x64 = Debug|x64
		Debug|x86 = Debug|x86
		Release|ARM = Release|ARM
		Release|Any CPU = Release|Any CPU
		Release|Mixed Platforms = Release|Mixed Platforms
		Release|x64 = Release|x64
		Release|x86 = Release|x86
	EndGlobalSection
	GlobalSection(ProjectConfigurationPlatforms) = postSolution
		{030B10DD-4861-4BE1-B0D6-DB43587E603F}.Debug|ARM.ActiveCfg = Debug|Any CPU
		{030B10DD-4861-4BE1-B0D6-DB43587E603F}.Debug|Any CPU.ActiveCfg = Debug|Any CPU
		{030B10DD-4861-4BE1-B0D6-DB43587E603F}.Debug|Any CPU.Build.0 = Debug|Any CPU
		{030B10DD-4861-4BE1-B0D6-DB43587E603F}.Debug|Mixed Platforms.ActiveCfg = Debug|Any CPU
		{030B10DD-4861-4BE1-B0D6-DB43587E603F}.Debug|Mixed Platforms.Build.0 = Debug|Any CPU
		{030B10DD-4861-4BE1-B0D6-DB43587E603F}.Debug|x64.ActiveCfg = Debug|Any CPU
		{030B10DD-4861-4BE1-B0D6-DB43587E603F}.Debug|x86.ActiveCfg = Debug|Any CPU
		{030B10DD-4861-4BE1-B0D6-DB43587E603F}.Release|ARM.ActiveCfg = Release|Any CPU
		{030B10DD-4861-4BE1-B0D6-DB43587E603F}.Release|Any CPU.ActiveCfg = Release|Any CPU
		{030B10DD-4861-4BE1-B0D6-DB43587E603F}.Release|Any CPU.Build.0 = Release|Any CPU
		{030B10DD-4861-4BE1-B0D6-DB43587E603F}.Release|Mixed Platforms.ActiveCfg = Release|Any CPU
		{030B10DD-4861-4BE1-B0D6-DB43587E603F}.Release|Mixed Platforms.Build.0 = Release|Any CPU
		{030B10DD-4861-4BE1-B0D6-DB43587E603F}.Release|x64.ActiveCfg = Release|Any CPU
		{030B10DD-4861-4BE1-B0D6-DB43587E603F}.Release|x86.ActiveCfg = Release|Any CPU
		{2CB180C7-D96A-4E43-8676-F928E4736A1F}.Debug|ARM.ActiveCfg = Debug|Any CPU
		{2CB180C7-D96A-4E43-8676-F928E4736A1F}.Debug|Any CPU.ActiveCfg = Debug|Any CPU
		{2CB180C7-D96A-4E43-8676-F928E4736A1F}.Debug|Any CPU.Build.0 = Debug|Any CPU
		{2CB180C7-D96A-4E43-8676-F928E4736A1F}.Debug|Mixed Platforms.ActiveCfg = Debug|Any CPU
		{2CB180C7-D96A-4E43-8676-F928E4736A1F}.Debug|Mixed Platforms.Build.0 = Debug|Any CPU
		{2CB180C7-D96A-4E43-8676-F928E4736A1F}.Debug|x64.ActiveCfg = Debug|Any CPU
		{2CB180C7-D96A-4E43-8676-F928E4736A1F}.Debug|x86.ActiveCfg = Debug|Any CPU
		{2CB180C7-D96A-4E43-8676-F928E4736A1F}.Release|ARM.ActiveCfg = Release|Any CPU
		{2CB180C7-D96A-4E43-8676-F928E4736A1F}.Release|Any CPU.ActiveCfg = Release|Any CPU
		{2CB180C7-D96A-4E43-8676-F928E4736A1F}.Release|Any CPU.Build.0 = Release|Any CPU
		{2CB180C7-D96A-4E43-8676-F928E4736A1F}.Release|Mixed Platforms.ActiveCfg = Release|Any CPU
		{2CB180C7-D96A-4E43-8676-F928E4736A1F}.Release|Mixed Platforms.Build.0 = Release|Any CPU
		{2CB180C7-D96A-4E43-8676-F928E4736A1F}.Release|x64.ActiveCfg = Release|Any CPU
		{2CB180C7-D96A-4E43-8676-F928E4736A1F}.Release|x86.ActiveCfg = Release|Any CPU
		{35789C27-44DE-4251-8528-6B0DE5C66608}.Debug|ARM.ActiveCfg = Debug|Any CPU
		{35789C27-44DE-4251-8528-6B0DE5C66608}.Debug|Any CPU.ActiveCfg = Debug|Any CPU
		{35789C27-44DE-4251-8528-6B0DE5C66608}.Debug|Any CPU.Build.0 = Debug|Any CPU
		{35789C27-44DE-4251-8528-6B0DE5C66608}.Debug|Mixed Platforms.ActiveCfg = Debug|Any CPU
		{35789C27-44DE-4251-8528-6B0DE5C66608}.Debug|Mixed Platforms.Build.0 = Debug|Any CPU
		{35789C27-44DE-4251-8528-6B0DE5C66608}.Debug|x64.ActiveCfg = Debug|Any CPU
		{35789C27-44DE-4251-8528-6B0DE5C66608}.Debug|x86.ActiveCfg = Debug|Any CPU
		{35789C27-44DE-4251-8528-6B0DE5C66608}.Release|ARM.ActiveCfg = Release|Any CPU
		{35789C27-44DE-4251-8528-6B0DE5C66608}.Release|Any CPU.ActiveCfg = Release|Any CPU
		{35789C27-44DE-4251-8528-6B0DE5C66608}.Release|Any CPU.Build.0 = Release|Any CPU
		{35789C27-44DE-4251-8528-6B0DE5C66608}.Release|Mixed Platforms.ActiveCfg = Release|Any CPU
		{35789C27-44DE-4251-8528-6B0DE5C66608}.Release|Mixed Platforms.Build.0 = Release|Any CPU
		{35789C27-44DE-4251-8528-6B0DE5C66608}.Release|x64.ActiveCfg = Release|Any CPU
		{35789C27-44DE-4251-8528-6B0DE5C66608}.Release|x86.ActiveCfg = Release|Any CPU
		{3C8F7229-645F-4899-BEF5-6E55660EFD16}.Debug|ARM.ActiveCfg = Debug|Any CPU
		{3C8F7229-645F-4899-BEF5-6E55660EFD16}.Debug|Any CPU.ActiveCfg = Debug|Any CPU
		{3C8F7229-645F-4899-BEF5-6E55660EFD16}.Debug|Any CPU.Build.0 = Debug|Any CPU
		{3C8F7229-645F-4899-BEF5-6E55660EFD16}.Debug|Mixed Platforms.ActiveCfg = Debug|Any CPU
		{3C8F7229-645F-4899-BEF5-6E55660EFD16}.Debug|Mixed Platforms.Build.0 = Debug|Any CPU
		{3C8F7229-645F-4899-BEF5-6E55660EFD16}.Debug|x64.ActiveCfg = Debug|Any CPU
		{3C8F7229-645F-4899-BEF5-6E55660EFD16}.Debug|x86.ActiveCfg = Debug|Any CPU
		{3C8F7229-645F-4899-BEF5-6E55660EFD16}.Release|ARM.ActiveCfg = Release|Any CPU
		{3C8F7229-645F-4899-BEF5-6E55660EFD16}.Release|Any CPU.ActiveCfg = Release|Any CPU
		{3C8F7229-645F-4899-BEF5-6E55660EFD16}.Release|Any CPU.Build.0 = Release|Any CPU
		{3C8F7229-645F-4899-BEF5-6E55660EFD16}.Release|Mixed Platforms.ActiveCfg = Release|Any CPU
		{3C8F7229-645F-4899-BEF5-6E55660EFD16}.Release|Mixed Platforms.Build.0 = Release|Any CPU
		{3C8F7229-645F-4899-BEF5-6E55660EFD16}.Release|x64.ActiveCfg = Release|Any CPU
		{3C8F7229-645F-4899-BEF5-6E55660EFD16}.Release|x86.ActiveCfg = Release|Any CPU
		{3CFBE1AA-475A-46ED-8F46-62AE7F3B5CBB}.Debug|ARM.ActiveCfg = Debug|Any CPU
		{3CFBE1AA-475A-46ED-8F46-62AE7F3B5CBB}.Debug|Any CPU.ActiveCfg = Debug|Any CPU
		{3CFBE1AA-475A-46ED-8F46-62AE7F3B5CBB}.Debug|Any CPU.Build.0 = Debug|Any CPU
		{3CFBE1AA-475A-46ED-8F46-62AE7F3B5CBB}.Debug|Mixed Platforms.ActiveCfg = Debug|Any CPU
		{3CFBE1AA-475A-46ED-8F46-62AE7F3B5CBB}.Debug|Mixed Platforms.Build.0 = Debug|Any CPU
		{3CFBE1AA-475A-46ED-8F46-62AE7F3B5CBB}.Debug|x64.ActiveCfg = Debug|Any CPU
		{3CFBE1AA-475A-46ED-8F46-62AE7F3B5CBB}.Debug|x86.ActiveCfg = Debug|Any CPU
		{3CFBE1AA-475A-46ED-8F46-62AE7F3B5CBB}.Release|ARM.ActiveCfg = Release|Any CPU
		{3CFBE1AA-475A-46ED-8F46-62AE7F3B5CBB}.Release|Any CPU.ActiveCfg = Release|Any CPU
		{3CFBE1AA-475A-46ED-8F46-62AE7F3B5CBB}.Release|Any CPU.Build.0 = Release|Any CPU
		{3CFBE1AA-475A-46ED-8F46-62AE7F3B5CBB}.Release|Mixed Platforms.ActiveCfg = Release|Any CPU
		{3CFBE1AA-475A-46ED-8F46-62AE7F3B5CBB}.Release|Mixed Platforms.Build.0 = Release|Any CPU
		{3CFBE1AA-475A-46ED-8F46-62AE7F3B5CBB}.Release|x64.ActiveCfg = Release|Any CPU
		{3CFBE1AA-475A-46ED-8F46-62AE7F3B5CBB}.Release|x86.ActiveCfg = Release|Any CPU
		{52661571-B3EE-421E-A6ED-983023665738}.Debug|ARM.ActiveCfg = Debug|Any CPU
		{52661571-B3EE-421E-A6ED-983023665738}.Debug|Any CPU.ActiveCfg = Debug|Any CPU
		{52661571-B3EE-421E-A6ED-983023665738}.Debug|Any CPU.Build.0 = Debug|Any CPU
		{52661571-B3EE-421E-A6ED-983023665738}.Debug|Mixed Platforms.ActiveCfg = Debug|Any CPU
		{52661571-B3EE-421E-A6ED-983023665738}.Debug|Mixed Platforms.Build.0 = Debug|Any CPU
		{52661571-B3EE-421E-A6ED-983023665738}.Debug|x64.ActiveCfg = Debug|Any CPU
		{52661571-B3EE-421E-A6ED-983023665738}.Debug|x86.ActiveCfg = Debug|Any CPU
		{52661571-B3EE-421E-A6ED-983023665738}.Release|ARM.ActiveCfg = Release|Any CPU
		{52661571-B3EE-421E-A6ED-983023665738}.Release|Any CPU.ActiveCfg = Release|Any CPU
		{52661571-B3EE-421E-A6ED-983023665738}.Release|Any CPU.Build.0 = Release|Any CPU
		{52661571-B3EE-421E-A6ED-983023665738}.Release|Mixed Platforms.ActiveCfg = Release|Any CPU
		{52661571-B3EE-421E-A6ED-983023665738}.Release|Mixed Platforms.Build.0 = Release|Any CPU
		{52661571-B3EE-421E-A6ED-983023665738}.Release|x64.ActiveCfg = Release|Any CPU
		{52661571-B3EE-421E-A6ED-983023665738}.Release|x86.ActiveCfg = Release|Any CPU
		{584493DA-04A9-4A95-AA49-F532A85D8C1A}.Debug|ARM.ActiveCfg = Debug|x86
		{584493DA-04A9-4A95-AA49-F532A85D8C1A}.Debug|Any CPU.ActiveCfg = Debug|x86
		{584493DA-04A9-4A95-AA49-F532A85D8C1A}.Debug|Mixed Platforms.ActiveCfg = Debug|x86
		{584493DA-04A9-4A95-AA49-F532A85D8C1A}.Debug|Mixed Platforms.Build.0 = Debug|x86
		{584493DA-04A9-4A95-AA49-F532A85D8C1A}.Debug|x64.ActiveCfg = Debug|x86
		{584493DA-04A9-4A95-AA49-F532A85D8C1A}.Debug|x86.ActiveCfg = Debug|x86
		{584493DA-04A9-4A95-AA49-F532A85D8C1A}.Debug|x86.Build.0 = Debug|x86
		{584493DA-04A9-4A95-AA49-F532A85D8C1A}.Release|ARM.ActiveCfg = Release|x86
		{584493DA-04A9-4A95-AA49-F532A85D8C1A}.Release|Any CPU.ActiveCfg = Release|x86
		{584493DA-04A9-4A95-AA49-F532A85D8C1A}.Release|Mixed Platforms.ActiveCfg = Release|x86
		{584493DA-04A9-4A95-AA49-F532A85D8C1A}.Release|Mixed Platforms.Build.0 = Release|x86
		{584493DA-04A9-4A95-AA49-F532A85D8C1A}.Release|x64.ActiveCfg = Release|x86
		{584493DA-04A9-4A95-AA49-F532A85D8C1A}.Release|x86.ActiveCfg = Release|x86
		{584493DA-04A9-4A95-AA49-F532A85D8C1A}.Release|x86.Build.0 = Release|x86
		{65FDB136-49EE-4316-95C5-AEE4C1A5DA83}.Debug|ARM.ActiveCfg = Debug|Any CPU
		{65FDB136-49EE-4316-95C5-AEE4C1A5DA83}.Debug|Any CPU.ActiveCfg = Debug|Any CPU
		{65FDB136-49EE-4316-95C5-AEE4C1A5DA83}.Debug|Any CPU.Build.0 = Debug|Any CPU
		{65FDB136-49EE-4316-95C5-AEE4C1A5DA83}.Debug|Mixed Platforms.ActiveCfg = Debug|Any CPU
		{65FDB136-49EE-4316-95C5-AEE4C1A5DA83}.Debug|Mixed Platforms.Build.0 = Debug|Any CPU
		{65FDB136-49EE-4316-95C5-AEE4C1A5DA83}.Debug|x64.ActiveCfg = Debug|Any CPU
		{65FDB136-49EE-4316-95C5-AEE4C1A5DA83}.Debug|x86.ActiveCfg = Debug|Any CPU
		{65FDB136-49EE-4316-95C5-AEE4C1A5DA83}.Release|ARM.ActiveCfg = Release|Any CPU
		{65FDB136-49EE-4316-95C5-AEE4C1A5DA83}.Release|Any CPU.ActiveCfg = Release|Any CPU
		{65FDB136-49EE-4316-95C5-AEE4C1A5DA83}.Release|Any CPU.Build.0 = Release|Any CPU
		{65FDB136-49EE-4316-95C5-AEE4C1A5DA83}.Release|Mixed Platforms.ActiveCfg = Release|Any CPU
		{65FDB136-49EE-4316-95C5-AEE4C1A5DA83}.Release|Mixed Platforms.Build.0 = Release|Any CPU
		{65FDB136-49EE-4316-95C5-AEE4C1A5DA83}.Release|x64.ActiveCfg = Release|Any CPU
		{65FDB136-49EE-4316-95C5-AEE4C1A5DA83}.Release|x86.ActiveCfg = Release|Any CPU
		{71392F3D-7171-43FA-8F68-365A31889AB0}.Debug|ARM.ActiveCfg = Debug|x86
		{71392F3D-7171-43FA-8F68-365A31889AB0}.Debug|Any CPU.ActiveCfg = Debug|x86
		{71392F3D-7171-43FA-8F68-365A31889AB0}.Debug|Mixed Platforms.ActiveCfg = Debug|x86
		{71392F3D-7171-43FA-8F68-365A31889AB0}.Debug|Mixed Platforms.Build.0 = Debug|x86
		{71392F3D-7171-43FA-8F68-365A31889AB0}.Debug|x64.ActiveCfg = Debug|x86
		{71392F3D-7171-43FA-8F68-365A31889AB0}.Debug|x86.ActiveCfg = Debug|x86
		{71392F3D-7171-43FA-8F68-365A31889AB0}.Debug|x86.Build.0 = Debug|x86
		{71392F3D-7171-43FA-8F68-365A31889AB0}.Release|ARM.ActiveCfg = Release|x86
		{71392F3D-7171-43FA-8F68-365A31889AB0}.Release|Any CPU.ActiveCfg = Release|x86
		{71392F3D-7171-43FA-8F68-365A31889AB0}.Release|Mixed Platforms.ActiveCfg = Release|x86
		{71392F3D-7171-43FA-8F68-365A31889AB0}.Release|Mixed Platforms.Build.0 = Release|x86
		{71392F3D-7171-43FA-8F68-365A31889AB0}.Release|x64.ActiveCfg = Release|x86
		{71392F3D-7171-43FA-8F68-365A31889AB0}.Release|x86.ActiveCfg = Release|x86
		{71392F3D-7171-43FA-8F68-365A31889AB0}.Release|x86.Build.0 = Release|x86
		{83FB5360-CE27-4255-8457-13E789DC5B0C}.Debug|ARM.ActiveCfg = Debug|Any CPU
		{83FB5360-CE27-4255-8457-13E789DC5B0C}.Debug|Any CPU.ActiveCfg = Debug|Any CPU
		{83FB5360-CE27-4255-8457-13E789DC5B0C}.Debug|Any CPU.Build.0 = Debug|Any CPU
		{83FB5360-CE27-4255-8457-13E789DC5B0C}.Debug|Mixed Platforms.ActiveCfg = Debug|Any CPU
		{83FB5360-CE27-4255-8457-13E789DC5B0C}.Debug|Mixed Platforms.Build.0 = Debug|Any CPU
		{83FB5360-CE27-4255-8457-13E789DC5B0C}.Debug|x64.ActiveCfg = Debug|Any CPU
		{83FB5360-CE27-4255-8457-13E789DC5B0C}.Debug|x86.ActiveCfg = Debug|Any CPU
		{83FB5360-CE27-4255-8457-13E789DC5B0C}.Release|ARM.ActiveCfg = Release|Any CPU
		{83FB5360-CE27-4255-8457-13E789DC5B0C}.Release|Any CPU.ActiveCfg = Release|Any CPU
		{83FB5360-CE27-4255-8457-13E789DC5B0C}.Release|Any CPU.Build.0 = Release|Any CPU
		{83FB5360-CE27-4255-8457-13E789DC5B0C}.Release|Mixed Platforms.ActiveCfg = Release|Any CPU
		{83FB5360-CE27-4255-8457-13E789DC5B0C}.Release|Mixed Platforms.Build.0 = Release|Any CPU
		{83FB5360-CE27-4255-8457-13E789DC5B0C}.Release|x64.ActiveCfg = Release|Any CPU
		{83FB5360-CE27-4255-8457-13E789DC5B0C}.Release|x86.ActiveCfg = Release|Any CPU
		{8E168B27-2033-412A-B362-5102400EA471}.Debug|ARM.ActiveCfg = Debug|Any CPU
		{8E168B27-2033-412A-B362-5102400EA471}.Debug|Any CPU.ActiveCfg = Debug|Any CPU
		{8E168B27-2033-412A-B362-5102400EA471}.Debug|Any CPU.Build.0 = Debug|Any CPU
		{8E168B27-2033-412A-B362-5102400EA471}.Debug|Mixed Platforms.ActiveCfg = Debug|Any CPU
		{8E168B27-2033-412A-B362-5102400EA471}.Debug|Mixed Platforms.Build.0 = Debug|Any CPU
		{8E168B27-2033-412A-B362-5102400EA471}.Debug|x64.ActiveCfg = Debug|Any CPU
		{8E168B27-2033-412A-B362-5102400EA471}.Debug|x86.ActiveCfg = Debug|Any CPU
		{8E168B27-2033-412A-B362-5102400EA471}.Release|ARM.ActiveCfg = Release|Any CPU
		{8E168B27-2033-412A-B362-5102400EA471}.Release|Any CPU.ActiveCfg = Release|Any CPU
		{8E168B27-2033-412A-B362-5102400EA471}.Release|Any CPU.Build.0 = Release|Any CPU
		{8E168B27-2033-412A-B362-5102400EA471}.Release|Mixed Platforms.ActiveCfg = Release|Any CPU
		{8E168B27-2033-412A-B362-5102400EA471}.Release|Mixed Platforms.Build.0 = Release|Any CPU
		{8E168B27-2033-412A-B362-5102400EA471}.Release|x64.ActiveCfg = Release|Any CPU
		{8E168B27-2033-412A-B362-5102400EA471}.Release|x86.ActiveCfg = Release|Any CPU
		{A60706FF-08D7-4320-99F9-A2413275CDF6}.Debug|ARM.ActiveCfg = Debug|Any CPU
		{A60706FF-08D7-4320-99F9-A2413275CDF6}.Debug|Any CPU.ActiveCfg = Debug|Any CPU
		{A60706FF-08D7-4320-99F9-A2413275CDF6}.Debug|Any CPU.Build.0 = Debug|Any CPU
		{A60706FF-08D7-4320-99F9-A2413275CDF6}.Debug|Mixed Platforms.ActiveCfg = Debug|Any CPU
		{A60706FF-08D7-4320-99F9-A2413275CDF6}.Debug|Mixed Platforms.Build.0 = Debug|Any CPU
		{A60706FF-08D7-4320-99F9-A2413275CDF6}.Debug|x64.ActiveCfg = Debug|Any CPU
		{A60706FF-08D7-4320-99F9-A2413275CDF6}.Debug|x86.ActiveCfg = Debug|Any CPU
		{A60706FF-08D7-4320-99F9-A2413275CDF6}.Release|ARM.ActiveCfg = Release|Any CPU
		{A60706FF-08D7-4320-99F9-A2413275CDF6}.Release|Any CPU.ActiveCfg = Release|Any CPU
		{A60706FF-08D7-4320-99F9-A2413275CDF6}.Release|Any CPU.Build.0 = Release|Any CPU
		{A60706FF-08D7-4320-99F9-A2413275CDF6}.Release|Mixed Platforms.ActiveCfg = Release|Any CPU
		{A60706FF-08D7-4320-99F9-A2413275CDF6}.Release|Mixed Platforms.Build.0 = Release|Any CPU
		{A60706FF-08D7-4320-99F9-A2413275CDF6}.Release|x64.ActiveCfg = Release|Any CPU
		{A60706FF-08D7-4320-99F9-A2413275CDF6}.Release|x86.ActiveCfg = Release|Any CPU
		{ADF8F287-C67B-43DE-A463-DFD7BB4EACD0}.Debug|ARM.ActiveCfg = Debug|Any CPU
		{ADF8F287-C67B-43DE-A463-DFD7BB4EACD0}.Debug|Any CPU.ActiveCfg = Debug|Any CPU
		{ADF8F287-C67B-43DE-A463-DFD7BB4EACD0}.Debug|Any CPU.Build.0 = Debug|Any CPU
		{ADF8F287-C67B-43DE-A463-DFD7BB4EACD0}.Debug|Mixed Platforms.ActiveCfg = Debug|Any CPU
		{ADF8F287-C67B-43DE-A463-DFD7BB4EACD0}.Debug|Mixed Platforms.Build.0 = Debug|Any CPU
		{ADF8F287-C67B-43DE-A463-DFD7BB4EACD0}.Debug|x64.ActiveCfg = Debug|Any CPU
		{ADF8F287-C67B-43DE-A463-DFD7BB4EACD0}.Debug|x86.ActiveCfg = Debug|Any CPU
		{ADF8F287-C67B-43DE-A463-DFD7BB4EACD0}.Release|ARM.ActiveCfg = Release|Any CPU
		{ADF8F287-C67B-43DE-A463-DFD7BB4EACD0}.Release|Any CPU.ActiveCfg = Release|Any CPU
		{ADF8F287-C67B-43DE-A463-DFD7BB4EACD0}.Release|Any CPU.Build.0 = Release|Any CPU
		{ADF8F287-C67B-43DE-A463-DFD7BB4EACD0}.Release|Mixed Platforms.ActiveCfg = Release|Any CPU
		{ADF8F287-C67B-43DE-A463-DFD7BB4EACD0}.Release|Mixed Platforms.Build.0 = Release|Any CPU
		{ADF8F287-C67B-43DE-A463-DFD7BB4EACD0}.Release|x64.ActiveCfg = Release|Any CPU
		{ADF8F287-C67B-43DE-A463-DFD7BB4EACD0}.Release|x86.ActiveCfg = Release|Any CPU
		{C66D5C17-4E9A-4E91-A62C-927F7FD94B06}.Debug|ARM.ActiveCfg = Debug|Any CPU
		{C66D5C17-4E9A-4E91-A62C-927F7FD94B06}.Debug|Any CPU.ActiveCfg = Debug|Any CPU
		{C66D5C17-4E9A-4E91-A62C-927F7FD94B06}.Debug|Any CPU.Build.0 = Debug|Any CPU
		{C66D5C17-4E9A-4E91-A62C-927F7FD94B06}.Debug|Mixed Platforms.ActiveCfg = Debug|Any CPU
		{C66D5C17-4E9A-4E91-A62C-927F7FD94B06}.Debug|Mixed Platforms.Build.0 = Debug|Any CPU
		{C66D5C17-4E9A-4E91-A62C-927F7FD94B06}.Debug|x64.ActiveCfg = Debug|Any CPU
		{C66D5C17-4E9A-4E91-A62C-927F7FD94B06}.Debug|x86.ActiveCfg = Debug|Any CPU
		{C66D5C17-4E9A-4E91-A62C-927F7FD94B06}.Release|ARM.ActiveCfg = Release|Any CPU
		{C66D5C17-4E9A-4E91-A62C-927F7FD94B06}.Release|Any CPU.ActiveCfg = Release|Any CPU
		{C66D5C17-4E9A-4E91-A62C-927F7FD94B06}.Release|Any CPU.Build.0 = Release|Any CPU
		{C66D5C17-4E9A-4E91-A62C-927F7FD94B06}.Release|Mixed Platforms.ActiveCfg = Release|Any CPU
		{C66D5C17-4E9A-4E91-A62C-927F7FD94B06}.Release|Mixed Platforms.Build.0 = Release|Any CPU
		{C66D5C17-4E9A-4E91-A62C-927F7FD94B06}.Release|x64.ActiveCfg = Release|Any CPU
		{C66D5C17-4E9A-4E91-A62C-927F7FD94B06}.Release|x86.ActiveCfg = Release|Any CPU
		{EC58B191-43C1-4F6B-AFB6-506F3FE3A92B}.Debug|ARM.ActiveCfg = Debug|Any CPU
		{EC58B191-43C1-4F6B-AFB6-506F3FE3A92B}.Debug|Any CPU.ActiveCfg = Debug|Any CPU
		{EC58B191-43C1-4F6B-AFB6-506F3FE3A92B}.Debug|Any CPU.Build.0 = Debug|Any CPU
		{EC58B191-43C1-4F6B-AFB6-506F3FE3A92B}.Debug|Mixed Platforms.ActiveCfg = Debug|Any CPU
		{EC58B191-43C1-4F6B-AFB6-506F3FE3A92B}.Debug|Mixed Platforms.Build.0 = Debug|Any CPU
		{EC58B191-43C1-4F6B-AFB6-506F3FE3A92B}.Debug|x64.ActiveCfg = Debug|Any CPU
		{EC58B191-43C1-4F6B-AFB6-506F3FE3A92B}.Debug|x86.ActiveCfg = Debug|Any CPU
		{EC58B191-43C1-4F6B-AFB6-506F3FE3A92B}.Release|ARM.ActiveCfg = Release|Any CPU
		{EC58B191-43C1-4F6B-AFB6-506F3FE3A92B}.Release|Any CPU.ActiveCfg = Release|Any CPU
		{EC58B191-43C1-4F6B-AFB6-506F3FE3A92B}.Release|Any CPU.Build.0 = Release|Any CPU
		{EC58B191-43C1-4F6B-AFB6-506F3FE3A92B}.Release|Mixed Platforms.ActiveCfg = Release|Any CPU
		{EC58B191-43C1-4F6B-AFB6-506F3FE3A92B}.Release|Mixed Platforms.Build.0 = Release|Any CPU
		{EC58B191-43C1-4F6B-AFB6-506F3FE3A92B}.Release|x64.ActiveCfg = Release|Any CPU
		{EC58B191-43C1-4F6B-AFB6-506F3FE3A92B}.Release|x86.ActiveCfg = Release|Any CPU
	EndGlobalSection
	GlobalSection(SolutionProperties) = preSolution
		HideSolutionNode = FALSE
	EndGlobalSection
	GlobalSection(NestedProjects) = preSolution
		{030B10DD-4861-4BE1-B0D6-DB43587E603F} = {BC2DF808-D5CB-4C06-8AC2-D772407CDD23}
		{2CB180C7-D96A-4E43-8676-F928E4736A1F} = {BC2DF808-D5CB-4C06-8AC2-D772407CDD23}
		{35789C27-44DE-4251-8528-6B0DE5C66608} = {BC2DF808-D5CB-4C06-8AC2-D772407CDD23}
		{3C8F7229-645F-4899-BEF5-6E55660EFD16} = {00C42FFB-D661-40EB-A872-448DD7EA18C8}
		{3CFBE1AA-475A-46ED-8F46-62AE7F3B5CBB} = {A64B5AAF-7EF9-42F8-8F93-00424C95C99A}
		{52661571-B3EE-421E-A6ED-983023665738} = {BC2DF808-D5CB-4C06-8AC2-D772407CDD23}
		{562DF6A9-98E6-4C83-94E1-7A5310CE1962} = {5A091F50-4BF6-4325-9120-F9CAB4F8F318}
		{584493DA-04A9-4A95-AA49-F532A85D8C1A} = {BC2DF808-D5CB-4C06-8AC2-D772407CDD23}
		{5A091F50-4BF6-4325-9120-F9CAB4F8F318} = {ABBF9A84-B0E7-4275-934B-D128C85BC290}
		{65FDB136-49EE-4316-95C5-AEE4C1A5DA83} = {BC2DF808-D5CB-4C06-8AC2-D772407CDD23}
		{71392F3D-7171-43FA-8F68-365A31889AB0} = {BC2DF808-D5CB-4C06-8AC2-D772407CDD23}
		{83FB5360-CE27-4255-8457-13E789DC5B0C} = {BC2DF808-D5CB-4C06-8AC2-D772407CDD23}
		{8E168B27-2033-412A-B362-5102400EA471} = {BC2DF808-D5CB-4C06-8AC2-D772407CDD23}
		{A60706FF-08D7-4320-99F9-A2413275CDF6} = {A64B5AAF-7EF9-42F8-8F93-00424C95C99A}
		{A64B5AAF-7EF9-42F8-8F93-00424C95C99A} = {BC2DF808-D5CB-4C06-8AC2-D772407CDD23}
		{ABBF9A84-B0E7-4275-934B-D128C85BC290} = {9A6CC298-B900-4F93-9906-247E2ACBC5DF}
		{ADF8F287-C67B-43DE-A463-DFD7BB4EACD0} = {00C42FFB-D661-40EB-A872-448DD7EA18C8}
		{B1C5E03F-37EC-44B6-B624-8917D9FB29F8} = {5A091F50-4BF6-4325-9120-F9CAB4F8F318}
		{B8231F8C-0F37-43B8-B20A-6F71E9CFAA3E} = {D40F5B9D-0573-4366-8519-DD11968A29A3}
		{C66D5C17-4E9A-4E91-A62C-927F7FD94B06} = {00C42FFB-D661-40EB-A872-448DD7EA18C8}
		{CF45FAE8-3DAD-4159-BBDD-CC6D3C06B91F} = {5A091F50-4BF6-4325-9120-F9CAB4F8F318}
		{EC58B191-43C1-4F6B-AFB6-506F3FE3A92B} = {00C42FFB-D661-40EB-A872-448DD7EA18C8}
	EndGlobalSection
	GlobalSection(SubversionScc) = preSolution
		Manager = AnkhSVN - Subversion Support for Visual Studio
		Svn-Managed = True
	EndGlobalSection
EndGlobal
