
Microsoft Visual Studio Solution File, Format Version 12.00
# Visual Studio 11
Project("{2150E333-8FDC-42A3-9474-1A3956D46DE8}") = "Tests", "Tests", "{00C42FFB-D661-40EB-A872-448DD7EA18C8}"
EndProject
Project("{FAE04EC0-301F-11D3-BF4B-00C04F79EFBC}") = "Cs2JsC.MsCorlib", "mscorlib\Cs2JsC.MsCorlib.csproj", "{3CFBE1AA-475A-46ED-8F46-62AE7F3B5CBB}"
EndProject
Project("{2150E333-8FDC-42A3-9474-1A3956D46DE8}") = "BCL", "BCL", "{A64B5AAF-7EF9-42F8-8F93-00424C95C99A}"
EndProject
Project("{FAE04EC0-301F-11D3-BF4B-00C04F79EFBC}") = "Sunlight.Framework", "Sunlight.Framework\Sunlight.Framework.csproj", "{650BBE9A-D0C5-4590-A82A-8E63C664A893}"
EndProject
Project("{FAE04EC0-301F-11D3-BF4B-00C04F79EFBC}") = "SunlightUnit", "TestRunner\SunlightUnit.csproj", "{F0BE2454-EEE9-4194-AB93-D6B9E3D23914}"
EndProject
Project("{FAE04EC0-301F-11D3-BF4B-00C04F79EFBC}") = "Sunlight.Framework.Test", "Sunlight.Framework.Test\Sunlight.Framework.Test.csproj", "{5702ADA9-6583-4019-ADA1-A48CCC3F53EA}"
EndProject
Project("{FAE04EC0-301F-11D3-BF4B-00C04F79EFBC}") = "TestWebApplication", "TestWebApplication\TestWebApplication.csproj", "{ADF8F287-C67B-43DE-A463-DFD7BB4EACD0}"
EndProject
Project("{2150E333-8FDC-42A3-9474-1A3956D46DE8}") = "Cs2JsCToolSet", "Cs2JsCToolSet", "{9A6CC298-B900-4F93-9906-247E2ACBC5DF}"
EndProject
Project("{2150E333-8FDC-42A3-9474-1A3956D46DE8}") = "ProjectTemplate", "ProjectTemplate", "{5A091F50-4BF6-4325-9120-F9CAB4F8F318}"
EndProject
Project("{FAE04EC0-301F-11D3-BF4B-00C04F79EFBC}") = "System.Web.Html", "System.Web.Html\System.Web.Html.csproj", "{A60706FF-08D7-4320-99F9-A2413275CDF6}"
EndProject
Project("{FAE04EC0-301F-11D3-BF4B-00C04F79EFBC}") = "System.Web.Html.Tests", "System.Web.Html.Tests\System.Web.Html.Tests.csproj", "{6BD4DB74-E584-49D5-9E99-651DE81FB6D5}"
EndProject
Project("{FAE04EC0-301F-11D3-BF4B-00C04F79EFBC}") = "Sunlight.Framework.UI", "Sunlight.Framework.UI\Sunlight.Framework.UI.csproj", "{650BBE9A-D0C5-4590-A82A-8E63C664A894}"
EndProject
Global
	GlobalSection(TestCaseManagementSettings) = postSolution
		CategoryFile = Cs2JsC1.vsmdi
	EndGlobalSection
	GlobalSection(SolutionConfigurationPlatforms) = preSolution
		Debug|Any CPU = Debug|Any CPU
		Debug|Mixed Platforms = Debug|Mixed Platforms
		Debug|x86 = Debug|x86
		Release|Any CPU = Release|Any CPU
		Release|Mixed Platforms = Release|Mixed Platforms
		Release|x86 = Release|x86
	EndGlobalSection
	GlobalSection(ProjectConfigurationPlatforms) = postSolution
		{3CFBE1AA-475A-46ED-8F46-62AE7F3B5CBB}.Debug|Any CPU.ActiveCfg = Debug|Any CPU
		{3CFBE1AA-475A-46ED-8F46-62AE7F3B5CBB}.Debug|Any CPU.Build.0 = Debug|Any CPU
		{3CFBE1AA-475A-46ED-8F46-62AE7F3B5CBB}.Debug|Mixed Platforms.ActiveCfg = Debug|Any CPU
		{3CFBE1AA-475A-46ED-8F46-62AE7F3B5CBB}.Debug|Mixed Platforms.Build.0 = Debug|Any CPU
		{3CFBE1AA-475A-46ED-8F46-62AE7F3B5CBB}.Debug|x86.ActiveCfg = Debug|Any CPU
		{3CFBE1AA-475A-46ED-8F46-62AE7F3B5CBB}.Release|Any CPU.ActiveCfg = Release|Any CPU
		{3CFBE1AA-475A-46ED-8F46-62AE7F3B5CBB}.Release|Any CPU.Build.0 = Release|Any CPU
		{3CFBE1AA-475A-46ED-8F46-62AE7F3B5CBB}.Release|Mixed Platforms.ActiveCfg = Release|Any CPU
		{3CFBE1AA-475A-46ED-8F46-62AE7F3B5CBB}.Release|Mixed Platforms.Build.0 = Release|Any CPU
		{3CFBE1AA-475A-46ED-8F46-62AE7F3B5CBB}.Release|x86.ActiveCfg = Release|Any CPU
		{5702ADA9-6583-4019-ADA1-A48CCC3F53EA}.Debug|Any CPU.ActiveCfg = Debug|Any CPU
		{5702ADA9-6583-4019-ADA1-A48CCC3F53EA}.Debug|Any CPU.Build.0 = Debug|Any CPU
		{5702ADA9-6583-4019-ADA1-A48CCC3F53EA}.Debug|Mixed Platforms.ActiveCfg = Debug|Any CPU
		{5702ADA9-6583-4019-ADA1-A48CCC3F53EA}.Debug|Mixed Platforms.Build.0 = Debug|Any CPU
		{5702ADA9-6583-4019-ADA1-A48CCC3F53EA}.Debug|x86.ActiveCfg = Debug|Any CPU
		{5702ADA9-6583-4019-ADA1-A48CCC3F53EA}.Release|Any CPU.ActiveCfg = Release|Any CPU
		{5702ADA9-6583-4019-ADA1-A48CCC3F53EA}.Release|Any CPU.Build.0 = Release|Any CPU
		{5702ADA9-6583-4019-ADA1-A48CCC3F53EA}.Release|Mixed Platforms.ActiveCfg = Release|Any CPU
		{5702ADA9-6583-4019-ADA1-A48CCC3F53EA}.Release|Mixed Platforms.Build.0 = Release|Any CPU
		{5702ADA9-6583-4019-ADA1-A48CCC3F53EA}.Release|x86.ActiveCfg = Release|Any CPU
		{650BBE9A-D0C5-4590-A82A-8E63C664A893}.Debug|Any CPU.ActiveCfg = Debug|Any CPU
		{650BBE9A-D0C5-4590-A82A-8E63C664A893}.Debug|Any CPU.Build.0 = Debug|Any CPU
		{650BBE9A-D0C5-4590-A82A-8E63C664A893}.Debug|Mixed Platforms.ActiveCfg = Debug|Any CPU
		{650BBE9A-D0C5-4590-A82A-8E63C664A893}.Debug|Mixed Platforms.Build.0 = Debug|Any CPU
		{650BBE9A-D0C5-4590-A82A-8E63C664A893}.Debug|x86.ActiveCfg = Debug|Any CPU
		{650BBE9A-D0C5-4590-A82A-8E63C664A893}.Release|Any CPU.ActiveCfg = Release|Any CPU
		{650BBE9A-D0C5-4590-A82A-8E63C664A893}.Release|Any CPU.Build.0 = Release|Any CPU
		{650BBE9A-D0C5-4590-A82A-8E63C664A893}.Release|Mixed Platforms.ActiveCfg = Release|Any CPU
		{650BBE9A-D0C5-4590-A82A-8E63C664A893}.Release|Mixed Platforms.Build.0 = Release|Any CPU
		{650BBE9A-D0C5-4590-A82A-8E63C664A893}.Release|x86.ActiveCfg = Release|Any CPU
		{650BBE9A-D0C5-4590-A82A-8E63C664A894}.Debug|Any CPU.ActiveCfg = Debug|Any CPU
		{650BBE9A-D0C5-4590-A82A-8E63C664A894}.Debug|Any CPU.Build.0 = Debug|Any CPU
		{650BBE9A-D0C5-4590-A82A-8E63C664A894}.Debug|Mixed Platforms.ActiveCfg = Debug|Any CPU
		{650BBE9A-D0C5-4590-A82A-8E63C664A894}.Debug|Mixed Platforms.Build.0 = Debug|Any CPU
		{650BBE9A-D0C5-4590-A82A-8E63C664A894}.Debug|x86.ActiveCfg = Debug|Any CPU
		{650BBE9A-D0C5-4590-A82A-8E63C664A894}.Release|Any CPU.ActiveCfg = Release|Any CPU
		{650BBE9A-D0C5-4590-A82A-8E63C664A894}.Release|Any CPU.Build.0 = Release|Any CPU
		{650BBE9A-D0C5-4590-A82A-8E63C664A894}.Release|Mixed Platforms.ActiveCfg = Release|Any CPU
		{650BBE9A-D0C5-4590-A82A-8E63C664A894}.Release|Mixed Platforms.Build.0 = Release|Any CPU
		{650BBE9A-D0C5-4590-A82A-8E63C664A894}.Release|x86.ActiveCfg = Release|Any CPU
		{6BD4DB74-E584-49D5-9E99-651DE81FB6D5}.Debug|Any CPU.ActiveCfg = Debug|Any CPU
		{6BD4DB74-E584-49D5-9E99-651DE81FB6D5}.Debug|Any CPU.Build.0 = Debug|Any CPU
		{6BD4DB74-E584-49D5-9E99-651DE81FB6D5}.Debug|Mixed Platforms.ActiveCfg = Debug|Any CPU
		{6BD4DB74-E584-49D5-9E99-651DE81FB6D5}.Debug|Mixed Platforms.Build.0 = Debug|Any CPU
		{6BD4DB74-E584-49D5-9E99-651DE81FB6D5}.Debug|x86.ActiveCfg = Debug|Any CPU
		{6BD4DB74-E584-49D5-9E99-651DE81FB6D5}.Release|Any CPU.ActiveCfg = Release|Any CPU
		{6BD4DB74-E584-49D5-9E99-651DE81FB6D5}.Release|Any CPU.Build.0 = Release|Any CPU
		{6BD4DB74-E584-49D5-9E99-651DE81FB6D5}.Release|Mixed Platforms.ActiveCfg = Release|Any CPU
		{6BD4DB74-E584-49D5-9E99-651DE81FB6D5}.Release|Mixed Platforms.Build.0 = Release|Any CPU
		{6BD4DB74-E584-49D5-9E99-651DE81FB6D5}.Release|x86.ActiveCfg = Release|Any CPU
		{A60706FF-08D7-4320-99F9-A2413275CDF6}.Debug|Any CPU.ActiveCfg = Debug|Any CPU
		{A60706FF-08D7-4320-99F9-A2413275CDF6}.Debug|Any CPU.Build.0 = Debug|Any CPU
		{A60706FF-08D7-4320-99F9-A2413275CDF6}.Debug|Mixed Platforms.ActiveCfg = Debug|Any CPU
		{A60706FF-08D7-4320-99F9-A2413275CDF6}.Debug|Mixed Platforms.Build.0 = Debug|Any CPU
		{A60706FF-08D7-4320-99F9-A2413275CDF6}.Debug|x86.ActiveCfg = Debug|Any CPU
		{A60706FF-08D7-4320-99F9-A2413275CDF6}.Release|Any CPU.ActiveCfg = Release|Any CPU
		{A60706FF-08D7-4320-99F9-A2413275CDF6}.Release|Any CPU.Build.0 = Release|Any CPU
		{A60706FF-08D7-4320-99F9-A2413275CDF6}.Release|Mixed Platforms.ActiveCfg = Release|Any CPU
		{A60706FF-08D7-4320-99F9-A2413275CDF6}.Release|Mixed Platforms.Build.0 = Release|Any CPU
		{A60706FF-08D7-4320-99F9-A2413275CDF6}.Release|x86.ActiveCfg = Release|Any CPU
		{ADF8F287-C67B-43DE-A463-DFD7BB4EACD0}.Debug|Any CPU.ActiveCfg = Debug|Any CPU
		{ADF8F287-C67B-43DE-A463-DFD7BB4EACD0}.Debug|Any CPU.Build.0 = Debug|Any CPU
		{ADF8F287-C67B-43DE-A463-DFD7BB4EACD0}.Debug|Mixed Platforms.ActiveCfg = Debug|Any CPU
		{ADF8F287-C67B-43DE-A463-DFD7BB4EACD0}.Debug|Mixed Platforms.Build.0 = Debug|Any CPU
		{ADF8F287-C67B-43DE-A463-DFD7BB4EACD0}.Debug|x86.ActiveCfg = Debug|Any CPU
		{ADF8F287-C67B-43DE-A463-DFD7BB4EACD0}.Release|Any CPU.ActiveCfg = Release|Any CPU
		{ADF8F287-C67B-43DE-A463-DFD7BB4EACD0}.Release|Any CPU.Build.0 = Release|Any CPU
		{ADF8F287-C67B-43DE-A463-DFD7BB4EACD0}.Release|Mixed Platforms.ActiveCfg = Release|Any CPU
		{ADF8F287-C67B-43DE-A463-DFD7BB4EACD0}.Release|Mixed Platforms.Build.0 = Release|Any CPU
		{ADF8F287-C67B-43DE-A463-DFD7BB4EACD0}.Release|x86.ActiveCfg = Release|Any CPU
		{F0BE2454-EEE9-4194-AB93-D6B9E3D23914}.Debug|Any CPU.ActiveCfg = Debug|Any CPU
		{F0BE2454-EEE9-4194-AB93-D6B9E3D23914}.Debug|Any CPU.Build.0 = Debug|Any CPU
		{F0BE2454-EEE9-4194-AB93-D6B9E3D23914}.Debug|Mixed Platforms.ActiveCfg = Debug|Any CPU
		{F0BE2454-EEE9-4194-AB93-D6B9E3D23914}.Debug|Mixed Platforms.Build.0 = Debug|Any CPU
		{F0BE2454-EEE9-4194-AB93-D6B9E3D23914}.Debug|x86.ActiveCfg = Debug|Any CPU
		{F0BE2454-EEE9-4194-AB93-D6B9E3D23914}.Release|Any CPU.ActiveCfg = Release|Any CPU
		{F0BE2454-EEE9-4194-AB93-D6B9E3D23914}.Release|Any CPU.Build.0 = Release|Any CPU
		{F0BE2454-EEE9-4194-AB93-D6B9E3D23914}.Release|Mixed Platforms.ActiveCfg = Release|Any CPU
		{F0BE2454-EEE9-4194-AB93-D6B9E3D23914}.Release|Mixed Platforms.Build.0 = Release|Any CPU
		{F0BE2454-EEE9-4194-AB93-D6B9E3D23914}.Release|x86.ActiveCfg = Release|Any CPU
	EndGlobalSection
	GlobalSection(SolutionProperties) = preSolution
		HideSolutionNode = FALSE
	EndGlobalSection
	GlobalSection(NestedProjects) = preSolution
		{3CFBE1AA-475A-46ED-8F46-62AE7F3B5CBB} = {A64B5AAF-7EF9-42F8-8F93-00424C95C99A}
		{5702ADA9-6583-4019-ADA1-A48CCC3F53EA} = {00C42FFB-D661-40EB-A872-448DD7EA18C8}
		{650BBE9A-D0C5-4590-A82A-8E63C664A893} = {A64B5AAF-7EF9-42F8-8F93-00424C95C99A}
		{650BBE9A-D0C5-4590-A82A-8E63C664A894} = {A64B5AAF-7EF9-42F8-8F93-00424C95C99A}
		{6BD4DB74-E584-49D5-9E99-651DE81FB6D5} = {00C42FFB-D661-40EB-A872-448DD7EA18C8}
		{A60706FF-08D7-4320-99F9-A2413275CDF6} = {A64B5AAF-7EF9-42F8-8F93-00424C95C99A}
		{ADF8F287-C67B-43DE-A463-DFD7BB4EACD0} = {00C42FFB-D661-40EB-A872-448DD7EA18C8}
		{F0BE2454-EEE9-4194-AB93-D6B9E3D23914} = {A64B5AAF-7EF9-42F8-8F93-00424C95C99A}
	EndGlobalSection
	GlobalSection(SubversionScc) = preSolution
		Manager = AnkhSVN - Subversion Support for Visual Studio
		Svn-Managed = True
	EndGlobalSection
EndGlobal
