
Microsoft Visual Studio Solution File, Format Version 12.00
# Visual Studio Version 16
VisualStudioVersion = 16.0.31410.357
MinimumVisualStudioVersion = 10.0.40219.1
Project("{2150E333-8FDC-42A3-9474-1A3956D46DE8}") = "Sources", "Sources", "{BC2DF808-D5CB-4C06-8AC2-D772407CDD23}"
EndProject
Project("{2150E333-8FDC-42A3-9474-1A3956D46DE8}") = "Tests", "Tests", "{00C42FFB-D661-40EB-A872-448DD7EA18C8}"
EndProject
Project("{2150E333-8FDC-42A3-9474-1A3956D46DE8}") = "Antlr", "Antlr", "{B8231F8C-0F37-43B8-B20A-6F71E9CFAA3E}"
	ProjectSection(SolutionItems) = preProject
		Antlr\Antlr.Net.xps = Antlr\Antlr.Net.xps
		Antlr\Antlr3.exe = Antlr\Antlr3.exe
		Antlr\Antlr3.exe.config = Antlr\Antlr3.exe.config
		Antlr\Antlr3.Runtime.Debug.dll = Antlr\Antlr3.Runtime.Debug.dll
		Antlr\Antlr3.Runtime.dll = Antlr\Antlr3.Runtime.dll
		Antlr\Antlr3.StringTemplate.dll = Antlr\Antlr3.StringTemplate.dll
		Antlr\Antlr3.targets = Antlr\Antlr3.targets
		Antlr\AntlrBuildTask.dll = Antlr\AntlrBuildTask.dll
	EndProjectSection
EndProject
Project("{2150E333-8FDC-42A3-9474-1A3956D46DE8}") = "BCL", "BCL", "{A64B5AAF-7EF9-42F8-8F93-00424C95C99A}"
EndProject
Project("{2150E333-8FDC-42A3-9474-1A3956D46DE8}") = "Dependencies", "Dependencies", "{D40F5B9D-0573-4366-8519-DD11968A29A3}"
	ProjectSection(SolutionItems) = preProject
		Dependencies\mcs.dll = Dependencies\mcs.dll
		Dependencies\mcs.pdb = Dependencies\mcs.pdb
		Dependencies\Mono.Cecil.dll = Dependencies\Mono.Cecil.dll
		Dependencies\Mono.Cecil.Mdb.dll = Dependencies\Mono.Cecil.Mdb.dll
		Dependencies\Mono.Cecil.Mdb.pdb = Dependencies\Mono.Cecil.Mdb.pdb
		Dependencies\Mono.Cecil.pdb = Dependencies\Mono.Cecil.pdb
		Dependencies\Mono.Cecil.Pdb.dll = Dependencies\Mono.Cecil.Pdb.dll
		Dependencies\Mono.Cecil.Pdb.pdb = Dependencies\Mono.Cecil.Pdb.pdb
	EndProjectSection
EndProject
Project("{2150E333-8FDC-42A3-9474-1A3956D46DE8}") = "NScriptToolSet", "NScriptToolSet", "{9A6CC298-B900-4F93-9906-247E2ACBC5DF}"
	ProjectSection(SolutionItems) = preProject
		NScriptToolSet\NScript.CSharp.targets = NScriptToolSet\NScript.CSharp.targets
	EndProjectSection
EndProject
Project("{2150E333-8FDC-42A3-9474-1A3956D46DE8}") = "ProjectTemplate", "ProjectTemplate", "{5A091F50-4BF6-4325-9120-F9CAB4F8F318}"
	ProjectSection(SolutionItems) = preProject
		NScriptToolSet\Templates\ProjectTemplate\NScript.VSTDIR = NScriptToolSet\Templates\ProjectTemplate\NScript.VSTDIR
		NScriptToolSet\Templates\ProjectTemplate\NScript_Application.zip = NScriptToolSet\Templates\ProjectTemplate\NScript_Application.zip
		NScriptToolSet\Templates\ProjectTemplate\NScript_Library.zip = NScriptToolSet\Templates\ProjectTemplate\NScript_Library.zip
		NScriptToolSet\Templates\ProjectTemplate\NScript_Test.zip = NScriptToolSet\Templates\ProjectTemplate\NScript_Test.zip
	EndProjectSection
EndProject
Project("{2150E333-8FDC-42A3-9474-1A3956D46DE8}") = "Templates", "Templates", "{ABBF9A84-B0E7-4275-934B-D128C85BC290}"
EndProject
Project("{2150E333-8FDC-42A3-9474-1A3956D46DE8}") = "NScript_Library", "NScript_Library", "{B1C5E03F-37EC-44B6-B624-8917D9FB29F8}"
	ProjectSection(SolutionItems) = preProject
		NScriptToolSet\Templates\ProjectTemplate\NScript_Library\Class.cs = NScriptToolSet\Templates\ProjectTemplate\NScript_Library\Class.cs
		NScriptToolSet\Templates\ProjectTemplate\NScript_Library\Logo.ico = NScriptToolSet\Templates\ProjectTemplate\NScript_Library\Logo.ico
		NScriptToolSet\Templates\ProjectTemplate\NScript_Library\NScript_Library.csproj = NScriptToolSet\Templates\ProjectTemplate\NScript_Library\NScript_Library.csproj
		NScriptToolSet\Templates\ProjectTemplate\NScript_Library\NScript_Library.vstemplate = NScriptToolSet\Templates\ProjectTemplate\NScript_Library\NScript_Library.vstemplate
	EndProjectSection
EndProject
Project("{2150E333-8FDC-42A3-9474-1A3956D46DE8}") = "NScript_Application", "NScript_Application", "{562DF6A9-98E6-4C83-94E1-7A5310CE1962}"
	ProjectSection(SolutionItems) = preProject
		NScriptToolSet\Templates\ProjectTemplate\NScript_Application\Class.cs = NScriptToolSet\Templates\ProjectTemplate\NScript_Application\Class.cs
		NScriptToolSet\Templates\ProjectTemplate\NScript_Application\Logo.ico = NScriptToolSet\Templates\ProjectTemplate\NScript_Application\Logo.ico
		NScriptToolSet\Templates\ProjectTemplate\NScript_Application\NScript_Application.csproj = NScriptToolSet\Templates\ProjectTemplate\NScript_Application\NScript_Application.csproj
		NScriptToolSet\Templates\ProjectTemplate\NScript_Application\NScript_Application.vstemplate = NScriptToolSet\Templates\ProjectTemplate\NScript_Application\NScript_Application.vstemplate
	EndProjectSection
EndProject
Project("{2150E333-8FDC-42A3-9474-1A3956D46DE8}") = "NScript_Test", "NScript_Test", "{CF45FAE8-3DAD-4159-BBDD-CC6D3C06B91F}"
	ProjectSection(SolutionItems) = preProject
		NScriptToolSet\Templates\ProjectTemplate\NScript_Test\Logo.ico = NScriptToolSet\Templates\ProjectTemplate\NScript_Test\Logo.ico
		NScriptToolSet\Templates\ProjectTemplate\NScript_Test\NScript_Test.csproj = NScriptToolSet\Templates\ProjectTemplate\NScript_Test\NScript_Test.csproj
		NScriptToolSet\Templates\ProjectTemplate\NScript_Test\NScript_Test.vstemplate = NScriptToolSet\Templates\ProjectTemplate\NScript_Test\NScript_Test.vstemplate
		NScriptToolSet\Templates\ProjectTemplate\NScript_Test\PluginConfig.xml = NScriptToolSet\Templates\ProjectTemplate\NScript_Test\PluginConfig.xml
		NScriptToolSet\Templates\ProjectTemplate\NScript_Test\TestClass.cs = NScriptToolSet\Templates\ProjectTemplate\NScript_Test\TestClass.cs
	EndProjectSection
EndProject
Project("{9A19103F-16F7-4668-BE54-9A1E7A4F7556}") = "NScript", "Sources\NScript\NScript.csproj", "{71392F3D-7171-43FA-8F68-365A31889AB0}"
	ProjectSection(ProjectDependencies) = postProject
		{8E168B27-2033-412A-B362-5102400EA471} = {8E168B27-2033-412A-B362-5102400EA471}
		{E3FE7841-2DB8-4713-8C41-FB399D921A77} = {E3FE7841-2DB8-4713-8C41-FB399D921A77}
	EndProjectSection
EndProject
Project("{9A19103F-16F7-4668-BE54-9A1E7A4F7556}") = "NScript.Utils", "Sources\NScript.Utils\NScript.Utils.csproj", "{030B10DD-4861-4BE1-B0D6-DB43587E603F}"
EndProject
Project("{9A19103F-16F7-4668-BE54-9A1E7A4F7556}") = "NScript.JS.AST", "Sources\NScript.JST\NScript.JS.AST.csproj", "{35789C27-44DE-4251-8528-6B0DE5C66608}"
EndProject
Project("{9A19103F-16F7-4668-BE54-9A1E7A4F7556}") = "NScript.CLR", "Sources\NScript.CLR\NScript.CLR.csproj", "{83FB5360-CE27-4255-8457-13E789DC5B0C}"
EndProject
Project("{9A19103F-16F7-4668-BE54-9A1E7A4F7556}") = "NScript.CLR.Test", "Test\NScript.CLR.Test\NScript.CLR.Test.csproj", "{EC58B191-43C1-4F6B-AFB6-506F3FE3A92B}"
EndProject
Project("{9A19103F-16F7-4668-BE54-9A1E7A4F7556}") = "NScript.Converter", "Sources\NScript.Converter\NScript.Converter.csproj", "{2CB180C7-D96A-4E43-8676-F928E4736A1F}"
EndProject
Project("{9A19103F-16F7-4668-BE54-9A1E7A4F7556}") = "NScript.Converter.Test", "Test\NScript.Converter.Test\NScript.Converter.Test.csproj", "{C66D5C17-4E9A-4E91-A62C-927F7FD94B06}"
EndProject
Project("{9A19103F-16F7-4668-BE54-9A1E7A4F7556}") = "NScript.JSParser", "Sources\NScript.JSParser\NScript.JSParser.csproj", "{52661571-B3EE-421E-A6ED-983023665738}"
EndProject
Project("{9A19103F-16F7-4668-BE54-9A1E7A4F7556}") = "NScript.JSParser.Test", "Test\NScript.JSParser.Test\NScript.JSParser.Test.csproj", "{3C8F7229-645F-4899-BEF5-6E55660EFD16}"
EndProject
Project("{FAE04EC0-301F-11D3-BF4B-00C04F79EFBC}") = "NScript.MsCorlib", "Sources\mscorlib\NScript.MsCorlib.csproj", "{3CFBE1AA-475A-46ED-8F46-62AE7F3B5CBB}"
	ProjectSection(ProjectDependencies) = postProject
		{71392F3D-7171-43FA-8F68-365A31889AB0} = {71392F3D-7171-43FA-8F68-365A31889AB0}
		{584493DA-04A9-4A95-AA49-F532A85D8C1A} = {584493DA-04A9-4A95-AA49-F532A85D8C1A}
	EndProjectSection
EndProject
Project("{9A19103F-16F7-4668-BE54-9A1E7A4F7556}") = "NScript.Converter.Plugins", "Sources\NScript.Converter.Plugins\NScript.Converter.Plugins.csproj", "{8E168B27-2033-412A-B362-5102400EA471}"
EndProject
Project("{FAE04EC0-301F-11D3-BF4B-00C04F79EFBC}") = "TestWebApplication", "Test\TestWebApplication\TestWebApplication.csproj", "{ADF8F287-C67B-43DE-A463-DFD7BB4EACD0}"
	ProjectSection(ProjectDependencies) = postProject
		{F2D46857-7BBF-433C-ABBE-F9E9DF4CD1DB} = {F2D46857-7BBF-433C-ABBE-F9E9DF4CD1DB}
		{6BD4DB74-E584-49D5-9E99-651DE81FB6D5} = {6BD4DB74-E584-49D5-9E99-651DE81FB6D5}
		{5702ADA9-6583-4019-ADA1-A48CCC3F53EA} = {5702ADA9-6583-4019-ADA1-A48CCC3F53EA}
	EndProjectSection
EndProject
Project("{9A19103F-16F7-4668-BE54-9A1E7A4F7556}") = "JsCsc.Lib", "Sources\JsCsc.Lib\JsCsc.Lib.csproj", "{65FDB136-49EE-4316-95C5-AEE4C1A5DA83}"
EndProject
Project("{9A19103F-16F7-4668-BE54-9A1E7A4F7556}") = "JsCsc", "Sources\JsCsc\JsCsc.csproj", "{584493DA-04A9-4A95-AA49-F532A85D8C1A}"
EndProject
Project("{FAE04EC0-301F-11D3-BF4B-00C04F79EFBC}") = "System.Web.Html", "Sources\System.Web.Html\System.Web.Html.csproj", "{A60706FF-08D7-4320-99F9-A2413275CDF6}"
EndProject
Project("{9A19103F-16F7-4668-BE54-9A1E7A4F7556}") = "CssParser", "Sources\CssParser\CssParser.csproj", "{C2534DEA-AF8C-43F3-81ED-86E6B5932CF6}"
EndProject
Project("{9A19103F-16F7-4668-BE54-9A1E7A4F7556}") = "CssParser.Test", "Test\CssParser.Test\CssParser.Test.csproj", "{B3299141-8636-4403-B884-2C5C63ED4A73}"
EndProject
Project("{9A19103F-16F7-4668-BE54-9A1E7A4F7556}") = "XwmlParser", "Sources\XwmlParser\XwmlParser.csproj", "{E3FE7841-2DB8-4713-8C41-FB399D921A77}"
EndProject
Project("{2150E333-8FDC-42A3-9474-1A3956D46DE8}") = "Framework", "Framework", "{7F129FBE-E40C-4B53-8536-492D677B25D5}"
EndProject
Project("{FAE04EC0-301F-11D3-BF4B-00C04F79EFBC}") = "Sunlight.Framework", "Sources\Sunlight.Framework\Sunlight.Framework.csproj", "{650BBE9A-D0C5-4590-A82A-8E63C664A893}"
EndProject
Project("{FAE04EC0-301F-11D3-BF4B-00C04F79EFBC}") = "Sunlight.Framework.UI", "Sources\Sunlight.Framework.UI\Sunlight.Framework.UI.csproj", "{650BBE9A-D0C5-4590-A82A-8E63C664A894}"
EndProject
Project("{9A19103F-16F7-4668-BE54-9A1E7A4F7556}") = "System.Web.Html.Tests", "Test\System.Web.Html.Tests\System.Web.Html.Tests.csproj", "{6BD4DB74-E584-49D5-9E99-651DE81FB6D5}"
EndProject
Project("{9A19103F-16F7-4668-BE54-9A1E7A4F7556}") = "Sunlight.Framework.Test", "Test\Sunlight.Framework.Test\Sunlight.Framework.Test.csproj", "{5702ADA9-6583-4019-ADA1-A48CCC3F53EA}"
EndProject
Project("{FAE04EC0-301F-11D3-BF4B-00C04F79EFBC}") = "SunlightUnit", "Test\TestRunner\SunlightUnit.csproj", "{F0BE2454-EEE9-4194-AB93-D6B9E3D23914}"
EndProject
Project("{9A19103F-16F7-4668-BE54-9A1E7A4F7556}") = "SourceMap", "Sources\SourceMap\SourceMap.csproj", "{20CCB52F-DE6E-4DA4-821E-5B3BD6771704}"
EndProject
Project("{FAE04EC0-301F-11D3-BF4B-00C04F79EFBC}") = "RealScript.Debug", "Test\RealScript\RealScript.Debug.csproj", "{142D8B13-3EED-43A9-96BD-353FFA72E536}"
EndProject
Project("{FAE04EC0-301F-11D3-BF4B-00C04F79EFBC}") = "RealScript", "Test\RealScript\RealScript.csproj", "{BA7A45C0-990C-4BD0-B0C0-4984054576E2}"
EndProject
Project("{2150E333-8FDC-42A3-9474-1A3956D46DE8}") = "TestCode", "TestCode", "{F7FBA37A-2304-49E1-B499-D030FA58074E}"
EndProject
Project("{FAE04EC0-301F-11D3-BF4B-00C04F79EFBC}") = "System.Web", "Sources\System.Web\System.Web.csproj", "{3520779C-829E-4276-9163-CA65490449F1}"
EndProject
Project("{930C7802-8A8C-48F9-8165-68863BCCD9DD}") = "Setup", "Sources\Setup\Setup.wixproj", "{9E20DA0B-348E-4E84-A5CB-E63956E51016}"
	ProjectSection(ProjectDependencies) = postProject
		{F0BE2454-EEE9-4194-AB93-D6B9E3D23914} = {F0BE2454-EEE9-4194-AB93-D6B9E3D23914}
		{0EB34C67-4E1F-4D7B-A1E0-16061A857DEA} = {0EB34C67-4E1F-4D7B-A1E0-16061A857DEA}
		{650BBE9A-D0C5-4590-A82A-8E63C664A893} = {650BBE9A-D0C5-4590-A82A-8E63C664A893}
	EndProjectSection
EndProject
Project("{FAE04EC0-301F-11D3-BF4B-00C04F79EFBC}") = "Windows", "Sources\WinRT\Windows.csproj", "{0EB34C67-4E1F-4D7B-A1E0-16061A857DEA}"
EndProject
Project("{2150E333-8FDC-42A3-9474-1A3956D46DE8}") = "NScript_Windows_Application", "NScript_Windows_Application", "{4FB86E4A-B69A-4A49-94A7-6DA60AEA46FD}"
	ProjectSection(SolutionItems) = preProject
		NScriptToolSet\Templates\ProjectTemplate\NScript_Windows_Application\AssemblyInfo.cs = NScriptToolSet\Templates\ProjectTemplate\NScript_Windows_Application\AssemblyInfo.cs
		NScriptToolSet\Templates\ProjectTemplate\NScript_Windows_Application\Logo.ico = NScriptToolSet\Templates\ProjectTemplate\NScript_Windows_Application\Logo.ico
		NScriptToolSet\Templates\ProjectTemplate\NScript_Windows_Application\NScript_Windows_Application.csproj = NScriptToolSet\Templates\ProjectTemplate\NScript_Windows_Application\NScript_Windows_Application.csproj
		NScriptToolSet\Templates\ProjectTemplate\NScript_Windows_Application\NScript_Windows_Application.vstemplate = NScriptToolSet\Templates\ProjectTemplate\NScript_Windows_Application\NScript_Windows_Application.vstemplate
		NScriptToolSet\Templates\ProjectTemplate\NScript_Windows_Application\Program.cs = NScriptToolSet\Templates\ProjectTemplate\NScript_Windows_Application\Program.cs
	EndProjectSection
EndProject
Project("{2150E333-8FDC-42A3-9474-1A3956D46DE8}") = "ItemTemplate", "ItemTemplate", "{CA40C954-A18B-40F8-963B-E094B18A7050}"
	ProjectSection(SolutionItems) = preProject
		NScriptToolSet\Templates\ItemTemplate\NScript.VSTDIR = NScriptToolSet\Templates\ItemTemplate\NScript.VSTDIR
		NScriptToolSet\Templates\ItemTemplate\NScriptClass.zip = NScriptToolSet\Templates\ItemTemplate\NScriptClass.zip
		NScriptToolSet\Templates\ItemTemplate\NScriptTestClass.zip = NScriptToolSet\Templates\ItemTemplate\NScriptTestClass.zip
		NScriptToolSet\Templates\ItemTemplate\NScriptView.zip = NScriptToolSet\Templates\ItemTemplate\NScriptView.zip
		NScriptToolSet\Templates\ItemTemplate\NScriptViewModelWithView.zip = NScriptToolSet\Templates\ItemTemplate\NScriptViewModelWithView.zip
	EndProjectSection
EndProject
Project("{2150E333-8FDC-42A3-9474-1A3956D46DE8}") = "Class", "Class", "{28A76871-90D6-499A-9E3A-317541FDB7D9}"
	ProjectSection(SolutionItems) = preProject
		NScriptToolSet\Templates\ItemTemplate\Class\NScriptClass.cs = NScriptToolSet\Templates\ItemTemplate\Class\NScriptClass.cs
		NScriptToolSet\Templates\ItemTemplate\Class\NScriptClass.vstemplate = NScriptToolSet\Templates\ItemTemplate\Class\NScriptClass.vstemplate
	EndProjectSection
EndProject
Project("{2150E333-8FDC-42A3-9474-1A3956D46DE8}") = "TestClass", "TestClass", "{BD6B70AE-CA40-4A9D-810F-3EDDBD0B6817}"
	ProjectSection(SolutionItems) = preProject
		NScriptToolSet\Templates\ItemTemplate\TestClass\NScriptTestClass.cs = NScriptToolSet\Templates\ItemTemplate\TestClass\NScriptTestClass.cs
		NScriptToolSet\Templates\ItemTemplate\TestClass\NScriptTestClass.vstemplate = NScriptToolSet\Templates\ItemTemplate\TestClass\NScriptTestClass.vstemplate
	EndProjectSection
EndProject
Project("{9A19103F-16F7-4668-BE54-9A1E7A4F7556}") = "Sunlight.Framework.UI.Test", "Test\Sunlight.Framework.UI.Test\Sunlight.Framework.UI.Test.csproj", "{F2D46857-7BBF-433C-ABBE-F9E9DF4CD1DB}"
EndProject
Project("{9A19103F-16F7-4668-BE54-9A1E7A4F7556}") = "XwmlParser.Test", "Test\XwmlParser.Test\XwmlParser.Test.csproj", "{D54C40D0-8658-41F3-9426-7747CE9E6FA6}"
	ProjectSection(ProjectDependencies) = postProject
		{F2D46857-7BBF-433C-ABBE-F9E9DF4CD1DB} = {F2D46857-7BBF-433C-ABBE-F9E9DF4CD1DB}
	EndProjectSection
EndProject
Project("{FAE04EC0-301F-11D3-BF4B-00C04F79EFBC}") = "System.Core", "Sources\System.Core\System.Core.csproj", "{30070734-422B-4C24-BE3F-906E2AE03A10}"
EndProject
Project("{FAE04EC0-301F-11D3-BF4B-00C04F79EFBC}") = "Microsoft.CSharp", "Sources\Microsoft.CSharp\Microsoft.CSharp.csproj", "{30070734-422B-4C24-BE3F-906E2AE03A12}"
EndProject
Project("{FAE04EC0-301F-11D3-BF4B-00C04F79EFBC}") = "System.Dynamic", "Sources\System.Dynamic\System.Dynamic.csproj", "{C57A61D9-4E45-41BB-AE75-933FBA9A9079}"
EndProject
Project("{9A19103F-16F7-4668-BE54-9A1E7A4F7556}") = "ExternGenerator", "Sources\ExternGenerator\ExternGenerator.csproj", "{427A547E-5E65-429F-86A3-52D5126DB0C0}"
EndProject
Project("{2150E333-8FDC-42A3-9474-1A3956D46DE8}") = "Solution Items", "Solution Items", "{B9FB0CC4-9644-4D0A-801B-45835B2E6E9B}"
EndProject
Project("{2150E333-8FDC-42A3-9474-1A3956D46DE8}") = ".nuget", ".nuget", "{41B33C1E-AB6C-4BE0-AF91-983E619AE261}"
	ProjectSection(SolutionItems) = preProject
		.nuget\packages.config = .nuget\packages.config
	EndProjectSection
EndProject
Project("{9A19103F-16F7-4668-BE54-9A1E7A4F7556}") = "Autoprefixer", "Sources\Autoprefixer\Autoprefixer.csproj", "{46B431CD-5C7E-4A74-9479-E6AA8B320BF5}"
EndProject
Project("{2150E333-8FDC-42A3-9474-1A3956D46DE8}") = "Roslyn", "Roslyn", "{CF60D52E-EB9A-4F97-BB74-9B81C08B2B12}"
	ProjectSection(SolutionItems) = preProject
		Dependencies\Roslyn\Microsoft.CodeAnalysis.CSharp.dll = Dependencies\Roslyn\Microsoft.CodeAnalysis.CSharp.dll
		Dependencies\Roslyn\Microsoft.CodeAnalysis.CSharp.pdb = Dependencies\Roslyn\Microsoft.CodeAnalysis.CSharp.pdb
		Dependencies\Roslyn\Microsoft.CodeAnalysis.dll = Dependencies\Roslyn\Microsoft.CodeAnalysis.dll
		Dependencies\Roslyn\Microsoft.CodeAnalysis.pdb = Dependencies\Roslyn\Microsoft.CodeAnalysis.pdb
		Dependencies\Roslyn\Microsoft.DiaSymReader.Native.amd64.dll = Dependencies\Roslyn\Microsoft.DiaSymReader.Native.amd64.dll
		Dependencies\Roslyn\Microsoft.DiaSymReader.Native.x86.dll = Dependencies\Roslyn\Microsoft.DiaSymReader.Native.x86.dll
	EndProjectSection
EndProject
Project("{9A19103F-16F7-4668-BE54-9A1E7A4F7556}") = "NScript.csc.lib", "NScript.csc.lib\NScript.csc.lib.csproj", "{76A3DDEC-2F19-4473-ABCE-0C2914731793}"
EndProject
Project("{9A19103F-16F7-4668-BE54-9A1E7A4F7556}") = "NScript.Csc.Lib.Test", "Test\NScript.Csc.Lib.Test\NScript.Csc.Lib.Test.csproj", "{8EDF4429-251A-416D-BB68-93F227191BCF}"
EndProject
Project("{9A19103F-16F7-4668-BE54-9A1E7A4F7556}") = "TestLauncher", "TestLauncher\TestLauncher.csproj", "{DEAE4354-A273-44A7-B95A-DD86BE728FFB}"
EndProject
Global
	GlobalSection(SolutionConfigurationPlatforms) = preSolution
		Debug|Any CPU = Debug|Any CPU
		Debug|x64 = Debug|x64
		Debug|x86 = Debug|x86
		Release|Any CPU = Release|Any CPU
		Release|x64 = Release|x64
		Release|x86 = Release|x86
	EndGlobalSection
	GlobalSection(ProjectConfigurationPlatforms) = postSolution
		{71392F3D-7171-43FA-8F68-365A31889AB0}.Debug|Any CPU.ActiveCfg = Debug|Any CPU
		{71392F3D-7171-43FA-8F68-365A31889AB0}.Debug|Any CPU.Build.0 = Debug|Any CPU
		{71392F3D-7171-43FA-8F68-365A31889AB0}.Debug|x64.ActiveCfg = Debug|Any CPU
		{71392F3D-7171-43FA-8F68-365A31889AB0}.Debug|x86.ActiveCfg = Debug|Any CPU
		{71392F3D-7171-43FA-8F68-365A31889AB0}.Release|Any CPU.ActiveCfg = Release|x86
		{71392F3D-7171-43FA-8F68-365A31889AB0}.Release|x64.ActiveCfg = Release|x86
		{71392F3D-7171-43FA-8F68-365A31889AB0}.Release|x86.ActiveCfg = Release|x86
		{71392F3D-7171-43FA-8F68-365A31889AB0}.Release|x86.Build.0 = Release|x86
		{030B10DD-4861-4BE1-B0D6-DB43587E603F}.Debug|Any CPU.ActiveCfg = Debug|Any CPU
		{030B10DD-4861-4BE1-B0D6-DB43587E603F}.Debug|Any CPU.Build.0 = Debug|Any CPU
		{030B10DD-4861-4BE1-B0D6-DB43587E603F}.Debug|x64.ActiveCfg = Debug|Any CPU
		{030B10DD-4861-4BE1-B0D6-DB43587E603F}.Debug|x86.ActiveCfg = Debug|Any CPU
		{030B10DD-4861-4BE1-B0D6-DB43587E603F}.Release|Any CPU.ActiveCfg = Release|Any CPU
		{030B10DD-4861-4BE1-B0D6-DB43587E603F}.Release|Any CPU.Build.0 = Release|Any CPU
		{030B10DD-4861-4BE1-B0D6-DB43587E603F}.Release|x64.ActiveCfg = Release|Any CPU
		{030B10DD-4861-4BE1-B0D6-DB43587E603F}.Release|x86.ActiveCfg = Release|Any CPU
		{35789C27-44DE-4251-8528-6B0DE5C66608}.Debug|Any CPU.ActiveCfg = Debug|Any CPU
		{35789C27-44DE-4251-8528-6B0DE5C66608}.Debug|Any CPU.Build.0 = Debug|Any CPU
		{35789C27-44DE-4251-8528-6B0DE5C66608}.Debug|x64.ActiveCfg = Debug|Any CPU
		{35789C27-44DE-4251-8528-6B0DE5C66608}.Debug|x86.ActiveCfg = Debug|Any CPU
		{35789C27-44DE-4251-8528-6B0DE5C66608}.Release|Any CPU.ActiveCfg = Release|Any CPU
		{35789C27-44DE-4251-8528-6B0DE5C66608}.Release|Any CPU.Build.0 = Release|Any CPU
		{35789C27-44DE-4251-8528-6B0DE5C66608}.Release|x64.ActiveCfg = Release|Any CPU
		{35789C27-44DE-4251-8528-6B0DE5C66608}.Release|x86.ActiveCfg = Release|Any CPU
		{83FB5360-CE27-4255-8457-13E789DC5B0C}.Debug|Any CPU.ActiveCfg = Debug|Any CPU
		{83FB5360-CE27-4255-8457-13E789DC5B0C}.Debug|Any CPU.Build.0 = Debug|Any CPU
		{83FB5360-CE27-4255-8457-13E789DC5B0C}.Debug|x64.ActiveCfg = Debug|Any CPU
		{83FB5360-CE27-4255-8457-13E789DC5B0C}.Debug|x86.ActiveCfg = Debug|Any CPU
		{83FB5360-CE27-4255-8457-13E789DC5B0C}.Release|Any CPU.ActiveCfg = Release|Any CPU
		{83FB5360-CE27-4255-8457-13E789DC5B0C}.Release|Any CPU.Build.0 = Release|Any CPU
		{83FB5360-CE27-4255-8457-13E789DC5B0C}.Release|x64.ActiveCfg = Release|Any CPU
		{83FB5360-CE27-4255-8457-13E789DC5B0C}.Release|x86.ActiveCfg = Release|Any CPU
		{EC58B191-43C1-4F6B-AFB6-506F3FE3A92B}.Debug|Any CPU.ActiveCfg = Debug|Any CPU
		{EC58B191-43C1-4F6B-AFB6-506F3FE3A92B}.Debug|Any CPU.Build.0 = Debug|Any CPU
		{EC58B191-43C1-4F6B-AFB6-506F3FE3A92B}.Debug|x64.ActiveCfg = Debug|Any CPU
		{EC58B191-43C1-4F6B-AFB6-506F3FE3A92B}.Debug|x86.ActiveCfg = Debug|Any CPU
		{EC58B191-43C1-4F6B-AFB6-506F3FE3A92B}.Release|Any CPU.ActiveCfg = Release|Any CPU
		{EC58B191-43C1-4F6B-AFB6-506F3FE3A92B}.Release|Any CPU.Build.0 = Release|Any CPU
		{EC58B191-43C1-4F6B-AFB6-506F3FE3A92B}.Release|x64.ActiveCfg = Release|Any CPU
		{EC58B191-43C1-4F6B-AFB6-506F3FE3A92B}.Release|x86.ActiveCfg = Release|Any CPU
		{2CB180C7-D96A-4E43-8676-F928E4736A1F}.Debug|Any CPU.ActiveCfg = Debug|Any CPU
		{2CB180C7-D96A-4E43-8676-F928E4736A1F}.Debug|Any CPU.Build.0 = Debug|Any CPU
		{2CB180C7-D96A-4E43-8676-F928E4736A1F}.Debug|x64.ActiveCfg = Debug|Any CPU
		{2CB180C7-D96A-4E43-8676-F928E4736A1F}.Debug|x86.ActiveCfg = Debug|Any CPU
		{2CB180C7-D96A-4E43-8676-F928E4736A1F}.Release|Any CPU.ActiveCfg = Release|Any CPU
		{2CB180C7-D96A-4E43-8676-F928E4736A1F}.Release|Any CPU.Build.0 = Release|Any CPU
		{2CB180C7-D96A-4E43-8676-F928E4736A1F}.Release|x64.ActiveCfg = Release|Any CPU
		{2CB180C7-D96A-4E43-8676-F928E4736A1F}.Release|x86.ActiveCfg = Release|Any CPU
		{C66D5C17-4E9A-4E91-A62C-927F7FD94B06}.Debug|Any CPU.ActiveCfg = Debug|Any CPU
		{C66D5C17-4E9A-4E91-A62C-927F7FD94B06}.Debug|Any CPU.Build.0 = Debug|Any CPU
		{C66D5C17-4E9A-4E91-A62C-927F7FD94B06}.Debug|x64.ActiveCfg = Debug|Any CPU
		{C66D5C17-4E9A-4E91-A62C-927F7FD94B06}.Debug|x86.ActiveCfg = Debug|Any CPU
		{C66D5C17-4E9A-4E91-A62C-927F7FD94B06}.Release|Any CPU.ActiveCfg = Release|Any CPU
		{C66D5C17-4E9A-4E91-A62C-927F7FD94B06}.Release|Any CPU.Build.0 = Release|Any CPU
		{C66D5C17-4E9A-4E91-A62C-927F7FD94B06}.Release|x64.ActiveCfg = Release|Any CPU
		{C66D5C17-4E9A-4E91-A62C-927F7FD94B06}.Release|x86.ActiveCfg = Release|Any CPU
		{52661571-B3EE-421E-A6ED-983023665738}.Debug|Any CPU.ActiveCfg = Debug|Any CPU
		{52661571-B3EE-421E-A6ED-983023665738}.Debug|Any CPU.Build.0 = Debug|Any CPU
		{52661571-B3EE-421E-A6ED-983023665738}.Debug|x64.ActiveCfg = Debug|Any CPU
		{52661571-B3EE-421E-A6ED-983023665738}.Debug|x86.ActiveCfg = Debug|Any CPU
		{52661571-B3EE-421E-A6ED-983023665738}.Release|Any CPU.ActiveCfg = Release|Any CPU
		{52661571-B3EE-421E-A6ED-983023665738}.Release|Any CPU.Build.0 = Release|Any CPU
		{52661571-B3EE-421E-A6ED-983023665738}.Release|x64.ActiveCfg = Release|Any CPU
		{52661571-B3EE-421E-A6ED-983023665738}.Release|x86.ActiveCfg = Release|Any CPU
		{3C8F7229-645F-4899-BEF5-6E55660EFD16}.Debug|Any CPU.ActiveCfg = Debug|Any CPU
		{3C8F7229-645F-4899-BEF5-6E55660EFD16}.Debug|Any CPU.Build.0 = Debug|Any CPU
		{3C8F7229-645F-4899-BEF5-6E55660EFD16}.Debug|x64.ActiveCfg = Debug|Any CPU
		{3C8F7229-645F-4899-BEF5-6E55660EFD16}.Debug|x86.ActiveCfg = Debug|Any CPU
		{3C8F7229-645F-4899-BEF5-6E55660EFD16}.Release|Any CPU.ActiveCfg = Release|Any CPU
		{3C8F7229-645F-4899-BEF5-6E55660EFD16}.Release|Any CPU.Build.0 = Release|Any CPU
		{3C8F7229-645F-4899-BEF5-6E55660EFD16}.Release|x64.ActiveCfg = Release|Any CPU
		{3C8F7229-645F-4899-BEF5-6E55660EFD16}.Release|x86.ActiveCfg = Release|Any CPU
		{3CFBE1AA-475A-46ED-8F46-62AE7F3B5CBB}.Debug|Any CPU.ActiveCfg = Debug|Any CPU
		{3CFBE1AA-475A-46ED-8F46-62AE7F3B5CBB}.Debug|Any CPU.Build.0 = Debug|Any CPU
		{3CFBE1AA-475A-46ED-8F46-62AE7F3B5CBB}.Debug|x64.ActiveCfg = Debug|Any CPU
		{3CFBE1AA-475A-46ED-8F46-62AE7F3B5CBB}.Debug|x86.ActiveCfg = Debug|Any CPU
		{3CFBE1AA-475A-46ED-8F46-62AE7F3B5CBB}.Release|Any CPU.ActiveCfg = Release|Any CPU
		{3CFBE1AA-475A-46ED-8F46-62AE7F3B5CBB}.Release|Any CPU.Build.0 = Release|Any CPU
		{3CFBE1AA-475A-46ED-8F46-62AE7F3B5CBB}.Release|x64.ActiveCfg = Release|Any CPU
		{3CFBE1AA-475A-46ED-8F46-62AE7F3B5CBB}.Release|x86.ActiveCfg = Release|Any CPU
		{8E168B27-2033-412A-B362-5102400EA471}.Debug|Any CPU.ActiveCfg = Debug|Any CPU
		{8E168B27-2033-412A-B362-5102400EA471}.Debug|Any CPU.Build.0 = Debug|Any CPU
		{8E168B27-2033-412A-B362-5102400EA471}.Debug|x64.ActiveCfg = Debug|Any CPU
		{8E168B27-2033-412A-B362-5102400EA471}.Debug|x86.ActiveCfg = Debug|Any CPU
		{8E168B27-2033-412A-B362-5102400EA471}.Release|Any CPU.ActiveCfg = Release|Any CPU
		{8E168B27-2033-412A-B362-5102400EA471}.Release|Any CPU.Build.0 = Release|Any CPU
		{8E168B27-2033-412A-B362-5102400EA471}.Release|x64.ActiveCfg = Release|Any CPU
		{8E168B27-2033-412A-B362-5102400EA471}.Release|x86.ActiveCfg = Release|Any CPU
		{ADF8F287-C67B-43DE-A463-DFD7BB4EACD0}.Debug|Any CPU.ActiveCfg = Debug|Any CPU
		{ADF8F287-C67B-43DE-A463-DFD7BB4EACD0}.Debug|Any CPU.Build.0 = Debug|Any CPU
		{ADF8F287-C67B-43DE-A463-DFD7BB4EACD0}.Debug|x64.ActiveCfg = Debug|Any CPU
		{ADF8F287-C67B-43DE-A463-DFD7BB4EACD0}.Debug|x86.ActiveCfg = Debug|Any CPU
		{ADF8F287-C67B-43DE-A463-DFD7BB4EACD0}.Release|Any CPU.ActiveCfg = Release|Any CPU
		{ADF8F287-C67B-43DE-A463-DFD7BB4EACD0}.Release|Any CPU.Build.0 = Release|Any CPU
		{ADF8F287-C67B-43DE-A463-DFD7BB4EACD0}.Release|x64.ActiveCfg = Release|Any CPU
		{ADF8F287-C67B-43DE-A463-DFD7BB4EACD0}.Release|x86.ActiveCfg = Release|Any CPU
		{65FDB136-49EE-4316-95C5-AEE4C1A5DA83}.Debug|Any CPU.ActiveCfg = Debug|Any CPU
		{65FDB136-49EE-4316-95C5-AEE4C1A5DA83}.Debug|Any CPU.Build.0 = Debug|Any CPU
		{65FDB136-49EE-4316-95C5-AEE4C1A5DA83}.Debug|x64.ActiveCfg = Debug|Any CPU
		{65FDB136-49EE-4316-95C5-AEE4C1A5DA83}.Debug|x86.ActiveCfg = Debug|Any CPU
		{65FDB136-49EE-4316-95C5-AEE4C1A5DA83}.Release|Any CPU.ActiveCfg = Release|Any CPU
		{65FDB136-49EE-4316-95C5-AEE4C1A5DA83}.Release|Any CPU.Build.0 = Release|Any CPU
		{65FDB136-49EE-4316-95C5-AEE4C1A5DA83}.Release|x64.ActiveCfg = Release|Any CPU
		{65FDB136-49EE-4316-95C5-AEE4C1A5DA83}.Release|x86.ActiveCfg = Release|Any CPU
		{584493DA-04A9-4A95-AA49-F532A85D8C1A}.Debug|Any CPU.ActiveCfg = Debug|Any CPU
		{584493DA-04A9-4A95-AA49-F532A85D8C1A}.Debug|Any CPU.Build.0 = Debug|Any CPU
		{584493DA-04A9-4A95-AA49-F532A85D8C1A}.Debug|x64.ActiveCfg = Debug|Any CPU
		{584493DA-04A9-4A95-AA49-F532A85D8C1A}.Debug|x86.ActiveCfg = Debug|Any CPU
		{584493DA-04A9-4A95-AA49-F532A85D8C1A}.Release|Any CPU.ActiveCfg = Release|x86
		{584493DA-04A9-4A95-AA49-F532A85D8C1A}.Release|x64.ActiveCfg = Release|x86
		{584493DA-04A9-4A95-AA49-F532A85D8C1A}.Release|x86.ActiveCfg = Release|x86
		{584493DA-04A9-4A95-AA49-F532A85D8C1A}.Release|x86.Build.0 = Release|x86
		{A60706FF-08D7-4320-99F9-A2413275CDF6}.Debug|Any CPU.ActiveCfg = Debug|Any CPU
		{A60706FF-08D7-4320-99F9-A2413275CDF6}.Debug|Any CPU.Build.0 = Debug|Any CPU
		{A60706FF-08D7-4320-99F9-A2413275CDF6}.Debug|x64.ActiveCfg = Debug|Any CPU
		{A60706FF-08D7-4320-99F9-A2413275CDF6}.Debug|x86.ActiveCfg = Debug|Any CPU
		{A60706FF-08D7-4320-99F9-A2413275CDF6}.Release|Any CPU.ActiveCfg = Release|Any CPU
		{A60706FF-08D7-4320-99F9-A2413275CDF6}.Release|Any CPU.Build.0 = Release|Any CPU
		{A60706FF-08D7-4320-99F9-A2413275CDF6}.Release|x64.ActiveCfg = Release|Any CPU
		{A60706FF-08D7-4320-99F9-A2413275CDF6}.Release|x86.ActiveCfg = Release|Any CPU
		{C2534DEA-AF8C-43F3-81ED-86E6B5932CF6}.Debug|Any CPU.ActiveCfg = Debug|Any CPU
		{C2534DEA-AF8C-43F3-81ED-86E6B5932CF6}.Debug|Any CPU.Build.0 = Debug|Any CPU
		{C2534DEA-AF8C-43F3-81ED-86E6B5932CF6}.Debug|x64.ActiveCfg = Debug|Any CPU
		{C2534DEA-AF8C-43F3-81ED-86E6B5932CF6}.Debug|x86.ActiveCfg = Debug|Any CPU
		{C2534DEA-AF8C-43F3-81ED-86E6B5932CF6}.Release|Any CPU.ActiveCfg = Release|Any CPU
		{C2534DEA-AF8C-43F3-81ED-86E6B5932CF6}.Release|Any CPU.Build.0 = Release|Any CPU
		{C2534DEA-AF8C-43F3-81ED-86E6B5932CF6}.Release|x64.ActiveCfg = Release|Any CPU
		{C2534DEA-AF8C-43F3-81ED-86E6B5932CF6}.Release|x86.ActiveCfg = Release|Any CPU
		{B3299141-8636-4403-B884-2C5C63ED4A73}.Debug|Any CPU.ActiveCfg = Debug|Any CPU
		{B3299141-8636-4403-B884-2C5C63ED4A73}.Debug|Any CPU.Build.0 = Debug|Any CPU
		{B3299141-8636-4403-B884-2C5C63ED4A73}.Debug|x64.ActiveCfg = Debug|Any CPU
		{B3299141-8636-4403-B884-2C5C63ED4A73}.Debug|x86.ActiveCfg = Debug|Any CPU
		{B3299141-8636-4403-B884-2C5C63ED4A73}.Release|Any CPU.ActiveCfg = Release|Any CPU
		{B3299141-8636-4403-B884-2C5C63ED4A73}.Release|Any CPU.Build.0 = Release|Any CPU
		{B3299141-8636-4403-B884-2C5C63ED4A73}.Release|x64.ActiveCfg = Release|Any CPU
		{B3299141-8636-4403-B884-2C5C63ED4A73}.Release|x86.ActiveCfg = Release|Any CPU
		{E3FE7841-2DB8-4713-8C41-FB399D921A77}.Debug|Any CPU.ActiveCfg = Debug|Any CPU
		{E3FE7841-2DB8-4713-8C41-FB399D921A77}.Debug|Any CPU.Build.0 = Debug|Any CPU
		{E3FE7841-2DB8-4713-8C41-FB399D921A77}.Debug|x64.ActiveCfg = Debug|Any CPU
		{E3FE7841-2DB8-4713-8C41-FB399D921A77}.Debug|x86.ActiveCfg = Debug|Any CPU
		{E3FE7841-2DB8-4713-8C41-FB399D921A77}.Release|Any CPU.ActiveCfg = Release|Any CPU
		{E3FE7841-2DB8-4713-8C41-FB399D921A77}.Release|Any CPU.Build.0 = Release|Any CPU
		{E3FE7841-2DB8-4713-8C41-FB399D921A77}.Release|x64.ActiveCfg = Release|Any CPU
		{E3FE7841-2DB8-4713-8C41-FB399D921A77}.Release|x86.ActiveCfg = Release|Any CPU
		{650BBE9A-D0C5-4590-A82A-8E63C664A893}.Debug|Any CPU.ActiveCfg = Debug|Any CPU
		{650BBE9A-D0C5-4590-A82A-8E63C664A893}.Debug|Any CPU.Build.0 = Debug|Any CPU
		{650BBE9A-D0C5-4590-A82A-8E63C664A893}.Debug|x64.ActiveCfg = Debug|Any CPU
		{650BBE9A-D0C5-4590-A82A-8E63C664A893}.Debug|x86.ActiveCfg = Debug|Any CPU
		{650BBE9A-D0C5-4590-A82A-8E63C664A893}.Release|Any CPU.ActiveCfg = Release|Any CPU
		{650BBE9A-D0C5-4590-A82A-8E63C664A893}.Release|Any CPU.Build.0 = Release|Any CPU
		{650BBE9A-D0C5-4590-A82A-8E63C664A893}.Release|x64.ActiveCfg = Release|Any CPU
		{650BBE9A-D0C5-4590-A82A-8E63C664A893}.Release|x86.ActiveCfg = Release|Any CPU
		{650BBE9A-D0C5-4590-A82A-8E63C664A894}.Debug|Any CPU.ActiveCfg = Debug|Any CPU
		{650BBE9A-D0C5-4590-A82A-8E63C664A894}.Debug|Any CPU.Build.0 = Debug|Any CPU
		{650BBE9A-D0C5-4590-A82A-8E63C664A894}.Debug|x64.ActiveCfg = Debug|Any CPU
		{650BBE9A-D0C5-4590-A82A-8E63C664A894}.Debug|x86.ActiveCfg = Debug|Any CPU
		{650BBE9A-D0C5-4590-A82A-8E63C664A894}.Release|Any CPU.ActiveCfg = Release|Any CPU
		{650BBE9A-D0C5-4590-A82A-8E63C664A894}.Release|Any CPU.Build.0 = Release|Any CPU
		{650BBE9A-D0C5-4590-A82A-8E63C664A894}.Release|x64.ActiveCfg = Release|Any CPU
		{650BBE9A-D0C5-4590-A82A-8E63C664A894}.Release|x86.ActiveCfg = Release|Any CPU
		{6BD4DB74-E584-49D5-9E99-651DE81FB6D5}.Debug|Any CPU.ActiveCfg = Debug|Any CPU
		{6BD4DB74-E584-49D5-9E99-651DE81FB6D5}.Debug|Any CPU.Build.0 = Debug|Any CPU
		{6BD4DB74-E584-49D5-9E99-651DE81FB6D5}.Debug|x64.ActiveCfg = Debug|Any CPU
		{6BD4DB74-E584-49D5-9E99-651DE81FB6D5}.Debug|x86.ActiveCfg = Debug|Any CPU
		{6BD4DB74-E584-49D5-9E99-651DE81FB6D5}.Release|Any CPU.ActiveCfg = Release|Any CPU
		{6BD4DB74-E584-49D5-9E99-651DE81FB6D5}.Release|Any CPU.Build.0 = Release|Any CPU
		{6BD4DB74-E584-49D5-9E99-651DE81FB6D5}.Release|x64.ActiveCfg = Release|Any CPU
		{6BD4DB74-E584-49D5-9E99-651DE81FB6D5}.Release|x86.ActiveCfg = Release|Any CPU
		{5702ADA9-6583-4019-ADA1-A48CCC3F53EA}.Debug|Any CPU.ActiveCfg = Debug|Any CPU
		{5702ADA9-6583-4019-ADA1-A48CCC3F53EA}.Debug|Any CPU.Build.0 = Debug|Any CPU
		{5702ADA9-6583-4019-ADA1-A48CCC3F53EA}.Debug|x64.ActiveCfg = Debug|Any CPU
		{5702ADA9-6583-4019-ADA1-A48CCC3F53EA}.Debug|x86.ActiveCfg = Debug|Any CPU
		{5702ADA9-6583-4019-ADA1-A48CCC3F53EA}.Release|Any CPU.ActiveCfg = Release|Any CPU
		{5702ADA9-6583-4019-ADA1-A48CCC3F53EA}.Release|Any CPU.Build.0 = Release|Any CPU
		{5702ADA9-6583-4019-ADA1-A48CCC3F53EA}.Release|x64.ActiveCfg = Release|Any CPU
		{5702ADA9-6583-4019-ADA1-A48CCC3F53EA}.Release|x86.ActiveCfg = Release|Any CPU
		{F0BE2454-EEE9-4194-AB93-D6B9E3D23914}.Debug|Any CPU.ActiveCfg = Debug|Any CPU
		{F0BE2454-EEE9-4194-AB93-D6B9E3D23914}.Debug|Any CPU.Build.0 = Debug|Any CPU
		{F0BE2454-EEE9-4194-AB93-D6B9E3D23914}.Debug|x64.ActiveCfg = Debug|Any CPU
		{F0BE2454-EEE9-4194-AB93-D6B9E3D23914}.Debug|x86.ActiveCfg = Debug|Any CPU
		{F0BE2454-EEE9-4194-AB93-D6B9E3D23914}.Release|Any CPU.ActiveCfg = Release|Any CPU
		{F0BE2454-EEE9-4194-AB93-D6B9E3D23914}.Release|Any CPU.Build.0 = Release|Any CPU
		{F0BE2454-EEE9-4194-AB93-D6B9E3D23914}.Release|x64.ActiveCfg = Release|Any CPU
		{F0BE2454-EEE9-4194-AB93-D6B9E3D23914}.Release|x86.ActiveCfg = Release|Any CPU
		{20CCB52F-DE6E-4DA4-821E-5B3BD6771704}.Debug|Any CPU.ActiveCfg = Debug|Any CPU
		{20CCB52F-DE6E-4DA4-821E-5B3BD6771704}.Debug|Any CPU.Build.0 = Debug|Any CPU
		{20CCB52F-DE6E-4DA4-821E-5B3BD6771704}.Debug|x64.ActiveCfg = Debug|Any CPU
		{20CCB52F-DE6E-4DA4-821E-5B3BD6771704}.Debug|x86.ActiveCfg = Debug|Any CPU
		{20CCB52F-DE6E-4DA4-821E-5B3BD6771704}.Release|Any CPU.ActiveCfg = Release|Any CPU
		{20CCB52F-DE6E-4DA4-821E-5B3BD6771704}.Release|Any CPU.Build.0 = Release|Any CPU
		{20CCB52F-DE6E-4DA4-821E-5B3BD6771704}.Release|x64.ActiveCfg = Release|Any CPU
		{20CCB52F-DE6E-4DA4-821E-5B3BD6771704}.Release|x86.ActiveCfg = Release|Any CPU
		{142D8B13-3EED-43A9-96BD-353FFA72E536}.Debug|Any CPU.ActiveCfg = Debug|Any CPU
		{142D8B13-3EED-43A9-96BD-353FFA72E536}.Debug|Any CPU.Build.0 = Debug|Any CPU
		{142D8B13-3EED-43A9-96BD-353FFA72E536}.Debug|x64.ActiveCfg = Debug|Any CPU
		{142D8B13-3EED-43A9-96BD-353FFA72E536}.Debug|x86.ActiveCfg = Debug|Any CPU
		{142D8B13-3EED-43A9-96BD-353FFA72E536}.Release|Any CPU.ActiveCfg = Release|Any CPU
		{142D8B13-3EED-43A9-96BD-353FFA72E536}.Release|Any CPU.Build.0 = Release|Any CPU
		{142D8B13-3EED-43A9-96BD-353FFA72E536}.Release|x64.ActiveCfg = Release|Any CPU
		{142D8B13-3EED-43A9-96BD-353FFA72E536}.Release|x86.ActiveCfg = Release|Any CPU
		{BA7A45C0-990C-4BD0-B0C0-4984054576E2}.Debug|Any CPU.ActiveCfg = Debug|Any CPU
		{BA7A45C0-990C-4BD0-B0C0-4984054576E2}.Debug|Any CPU.Build.0 = Debug|Any CPU
		{BA7A45C0-990C-4BD0-B0C0-4984054576E2}.Debug|x64.ActiveCfg = Debug|Any CPU
		{BA7A45C0-990C-4BD0-B0C0-4984054576E2}.Debug|x86.ActiveCfg = Debug|Any CPU
		{BA7A45C0-990C-4BD0-B0C0-4984054576E2}.Release|Any CPU.ActiveCfg = Release|Any CPU
		{BA7A45C0-990C-4BD0-B0C0-4984054576E2}.Release|Any CPU.Build.0 = Release|Any CPU
		{BA7A45C0-990C-4BD0-B0C0-4984054576E2}.Release|x64.ActiveCfg = Release|Any CPU
		{BA7A45C0-990C-4BD0-B0C0-4984054576E2}.Release|x86.ActiveCfg = Release|Any CPU
		{3520779C-829E-4276-9163-CA65490449F1}.Debug|Any CPU.ActiveCfg = Debug|Any CPU
		{3520779C-829E-4276-9163-CA65490449F1}.Debug|Any CPU.Build.0 = Debug|Any CPU
		{3520779C-829E-4276-9163-CA65490449F1}.Debug|x64.ActiveCfg = Debug|Any CPU
		{3520779C-829E-4276-9163-CA65490449F1}.Debug|x86.ActiveCfg = Debug|Any CPU
		{3520779C-829E-4276-9163-CA65490449F1}.Release|Any CPU.ActiveCfg = Release|Any CPU
		{3520779C-829E-4276-9163-CA65490449F1}.Release|Any CPU.Build.0 = Release|Any CPU
		{3520779C-829E-4276-9163-CA65490449F1}.Release|x64.ActiveCfg = Release|Any CPU
		{3520779C-829E-4276-9163-CA65490449F1}.Release|x86.ActiveCfg = Release|Any CPU
		{9E20DA0B-348E-4E84-A5CB-E63956E51016}.Debug|Any CPU.ActiveCfg = Debug|x86
		{9E20DA0B-348E-4E84-A5CB-E63956E51016}.Debug|Any CPU.Build.0 = Debug|x86
		{9E20DA0B-348E-4E84-A5CB-E63956E51016}.Debug|x64.ActiveCfg = Debug|x86
		{9E20DA0B-348E-4E84-A5CB-E63956E51016}.Debug|x86.ActiveCfg = Debug|x86
		{9E20DA0B-348E-4E84-A5CB-E63956E51016}.Release|Any CPU.ActiveCfg = Release|x86
		{9E20DA0B-348E-4E84-A5CB-E63956E51016}.Release|x64.ActiveCfg = Release|x86
		{9E20DA0B-348E-4E84-A5CB-E63956E51016}.Release|x86.ActiveCfg = Release|x86
		{9E20DA0B-348E-4E84-A5CB-E63956E51016}.Release|x86.Build.0 = Release|x86
		{0EB34C67-4E1F-4D7B-A1E0-16061A857DEA}.Debug|Any CPU.ActiveCfg = Debug|Any CPU
		{0EB34C67-4E1F-4D7B-A1E0-16061A857DEA}.Debug|Any CPU.Build.0 = Debug|Any CPU
		{0EB34C67-4E1F-4D7B-A1E0-16061A857DEA}.Debug|x64.ActiveCfg = Debug|Any CPU
		{0EB34C67-4E1F-4D7B-A1E0-16061A857DEA}.Debug|x86.ActiveCfg = Debug|Any CPU
		{0EB34C67-4E1F-4D7B-A1E0-16061A857DEA}.Release|Any CPU.ActiveCfg = Release|Any CPU
		{0EB34C67-4E1F-4D7B-A1E0-16061A857DEA}.Release|Any CPU.Build.0 = Release|Any CPU
		{0EB34C67-4E1F-4D7B-A1E0-16061A857DEA}.Release|x64.ActiveCfg = Release|Any CPU
		{0EB34C67-4E1F-4D7B-A1E0-16061A857DEA}.Release|x86.ActiveCfg = Release|Any CPU
		{F2D46857-7BBF-433C-ABBE-F9E9DF4CD1DB}.Debug|Any CPU.ActiveCfg = Debug|Any CPU
		{F2D46857-7BBF-433C-ABBE-F9E9DF4CD1DB}.Debug|Any CPU.Build.0 = Debug|Any CPU
		{F2D46857-7BBF-433C-ABBE-F9E9DF4CD1DB}.Debug|x64.ActiveCfg = Debug|Any CPU
		{F2D46857-7BBF-433C-ABBE-F9E9DF4CD1DB}.Debug|x86.ActiveCfg = Debug|Any CPU
		{F2D46857-7BBF-433C-ABBE-F9E9DF4CD1DB}.Release|Any CPU.ActiveCfg = Release|Any CPU
		{F2D46857-7BBF-433C-ABBE-F9E9DF4CD1DB}.Release|Any CPU.Build.0 = Release|Any CPU
		{F2D46857-7BBF-433C-ABBE-F9E9DF4CD1DB}.Release|x64.ActiveCfg = Release|Any CPU
		{F2D46857-7BBF-433C-ABBE-F9E9DF4CD1DB}.Release|x86.ActiveCfg = Release|Any CPU
		{D54C40D0-8658-41F3-9426-7747CE9E6FA6}.Debug|Any CPU.ActiveCfg = Debug|Any CPU
		{D54C40D0-8658-41F3-9426-7747CE9E6FA6}.Debug|Any CPU.Build.0 = Debug|Any CPU
		{D54C40D0-8658-41F3-9426-7747CE9E6FA6}.Debug|x64.ActiveCfg = Debug|Any CPU
		{D54C40D0-8658-41F3-9426-7747CE9E6FA6}.Debug|x86.ActiveCfg = Debug|Any CPU
		{D54C40D0-8658-41F3-9426-7747CE9E6FA6}.Release|Any CPU.ActiveCfg = Release|Any CPU
		{D54C40D0-8658-41F3-9426-7747CE9E6FA6}.Release|Any CPU.Build.0 = Release|Any CPU
		{D54C40D0-8658-41F3-9426-7747CE9E6FA6}.Release|x64.ActiveCfg = Release|Any CPU
		{D54C40D0-8658-41F3-9426-7747CE9E6FA6}.Release|x86.ActiveCfg = Release|Any CPU
		{30070734-422B-4C24-BE3F-906E2AE03A10}.Debug|Any CPU.ActiveCfg = Debug|Any CPU
		{30070734-422B-4C24-BE3F-906E2AE03A10}.Debug|Any CPU.Build.0 = Debug|Any CPU
		{30070734-422B-4C24-BE3F-906E2AE03A10}.Debug|x64.ActiveCfg = Debug|Any CPU
		{30070734-422B-4C24-BE3F-906E2AE03A10}.Debug|x86.ActiveCfg = Debug|Any CPU
		{30070734-422B-4C24-BE3F-906E2AE03A10}.Release|Any CPU.ActiveCfg = Release|Any CPU
		{30070734-422B-4C24-BE3F-906E2AE03A10}.Release|Any CPU.Build.0 = Release|Any CPU
		{30070734-422B-4C24-BE3F-906E2AE03A10}.Release|x64.ActiveCfg = Release|Any CPU
		{30070734-422B-4C24-BE3F-906E2AE03A10}.Release|x86.ActiveCfg = Release|Any CPU
		{30070734-422B-4C24-BE3F-906E2AE03A12}.Debug|Any CPU.ActiveCfg = Debug|Any CPU
		{30070734-422B-4C24-BE3F-906E2AE03A12}.Debug|Any CPU.Build.0 = Debug|Any CPU
		{30070734-422B-4C24-BE3F-906E2AE03A12}.Debug|x64.ActiveCfg = Debug|Any CPU
		{30070734-422B-4C24-BE3F-906E2AE03A12}.Debug|x86.ActiveCfg = Debug|Any CPU
		{30070734-422B-4C24-BE3F-906E2AE03A12}.Release|Any CPU.ActiveCfg = Release|Any CPU
		{30070734-422B-4C24-BE3F-906E2AE03A12}.Release|Any CPU.Build.0 = Release|Any CPU
		{30070734-422B-4C24-BE3F-906E2AE03A12}.Release|x64.ActiveCfg = Release|Any CPU
		{30070734-422B-4C24-BE3F-906E2AE03A12}.Release|x86.ActiveCfg = Release|Any CPU
		{C57A61D9-4E45-41BB-AE75-933FBA9A9079}.Debug|Any CPU.ActiveCfg = Debug|Any CPU
		{C57A61D9-4E45-41BB-AE75-933FBA9A9079}.Debug|Any CPU.Build.0 = Debug|Any CPU
		{C57A61D9-4E45-41BB-AE75-933FBA9A9079}.Debug|x64.ActiveCfg = Debug|Any CPU
		{C57A61D9-4E45-41BB-AE75-933FBA9A9079}.Debug|x86.ActiveCfg = Debug|Any CPU
		{C57A61D9-4E45-41BB-AE75-933FBA9A9079}.Release|Any CPU.ActiveCfg = Release|Any CPU
		{C57A61D9-4E45-41BB-AE75-933FBA9A9079}.Release|Any CPU.Build.0 = Release|Any CPU
		{C57A61D9-4E45-41BB-AE75-933FBA9A9079}.Release|x64.ActiveCfg = Release|Any CPU
		{C57A61D9-4E45-41BB-AE75-933FBA9A9079}.Release|x86.ActiveCfg = Release|Any CPU
		{427A547E-5E65-429F-86A3-52D5126DB0C0}.Debug|Any CPU.ActiveCfg = Debug|Any CPU
		{427A547E-5E65-429F-86A3-52D5126DB0C0}.Debug|Any CPU.Build.0 = Debug|Any CPU
		{427A547E-5E65-429F-86A3-52D5126DB0C0}.Debug|x64.ActiveCfg = Debug|Any CPU
		{427A547E-5E65-429F-86A3-52D5126DB0C0}.Debug|x86.ActiveCfg = Debug|Any CPU
		{427A547E-5E65-429F-86A3-52D5126DB0C0}.Release|Any CPU.ActiveCfg = Release|Any CPU
		{427A547E-5E65-429F-86A3-52D5126DB0C0}.Release|Any CPU.Build.0 = Release|Any CPU
		{427A547E-5E65-429F-86A3-52D5126DB0C0}.Release|x64.ActiveCfg = Release|Any CPU
		{427A547E-5E65-429F-86A3-52D5126DB0C0}.Release|x86.ActiveCfg = Release|Any CPU
		{46B431CD-5C7E-4A74-9479-E6AA8B320BF5}.Debug|Any CPU.ActiveCfg = Debug|Any CPU
		{46B431CD-5C7E-4A74-9479-E6AA8B320BF5}.Debug|Any CPU.Build.0 = Debug|Any CPU
		{46B431CD-5C7E-4A74-9479-E6AA8B320BF5}.Debug|x64.ActiveCfg = Debug|Any CPU
		{46B431CD-5C7E-4A74-9479-E6AA8B320BF5}.Debug|x86.ActiveCfg = Debug|Any CPU
		{46B431CD-5C7E-4A74-9479-E6AA8B320BF5}.Release|Any CPU.ActiveCfg = Release|Any CPU
		{46B431CD-5C7E-4A74-9479-E6AA8B320BF5}.Release|Any CPU.Build.0 = Release|Any CPU
		{46B431CD-5C7E-4A74-9479-E6AA8B320BF5}.Release|x64.ActiveCfg = Release|Any CPU
		{46B431CD-5C7E-4A74-9479-E6AA8B320BF5}.Release|x64.Build.0 = Release|Any CPU
		{46B431CD-5C7E-4A74-9479-E6AA8B320BF5}.Release|x86.ActiveCfg = Release|Any CPU
		{46B431CD-5C7E-4A74-9479-E6AA8B320BF5}.Release|x86.Build.0 = Release|Any CPU
		{76A3DDEC-2F19-4473-ABCE-0C2914731793}.Debug|Any CPU.ActiveCfg = Debug|Any CPU
		{76A3DDEC-2F19-4473-ABCE-0C2914731793}.Debug|Any CPU.Build.0 = Debug|Any CPU
		{76A3DDEC-2F19-4473-ABCE-0C2914731793}.Debug|x64.ActiveCfg = Debug|Any CPU
		{76A3DDEC-2F19-4473-ABCE-0C2914731793}.Debug|x86.ActiveCfg = Debug|Any CPU
		{76A3DDEC-2F19-4473-ABCE-0C2914731793}.Release|Any CPU.ActiveCfg = Release|Any CPU
		{76A3DDEC-2F19-4473-ABCE-0C2914731793}.Release|Any CPU.Build.0 = Release|Any CPU
		{76A3DDEC-2F19-4473-ABCE-0C2914731793}.Release|x64.ActiveCfg = Release|Any CPU
		{76A3DDEC-2F19-4473-ABCE-0C2914731793}.Release|x64.Build.0 = Release|Any CPU
		{76A3DDEC-2F19-4473-ABCE-0C2914731793}.Release|x86.ActiveCfg = Release|Any CPU
		{76A3DDEC-2F19-4473-ABCE-0C2914731793}.Release|x86.Build.0 = Release|Any CPU
		{8EDF4429-251A-416D-BB68-93F227191BCF}.Debug|Any CPU.ActiveCfg = Debug|Any CPU
		{8EDF4429-251A-416D-BB68-93F227191BCF}.Debug|Any CPU.Build.0 = Debug|Any CPU
		{8EDF4429-251A-416D-BB68-93F227191BCF}.Debug|x64.ActiveCfg = Debug|Any CPU
		{8EDF4429-251A-416D-BB68-93F227191BCF}.Debug|x86.ActiveCfg = Debug|Any CPU
		{8EDF4429-251A-416D-BB68-93F227191BCF}.Release|Any CPU.ActiveCfg = Release|Any CPU
		{8EDF4429-251A-416D-BB68-93F227191BCF}.Release|Any CPU.Build.0 = Release|Any CPU
		{8EDF4429-251A-416D-BB68-93F227191BCF}.Release|x64.ActiveCfg = Release|Any CPU
		{8EDF4429-251A-416D-BB68-93F227191BCF}.Release|x64.Build.0 = Release|Any CPU
		{8EDF4429-251A-416D-BB68-93F227191BCF}.Release|x86.ActiveCfg = Release|Any CPU
		{8EDF4429-251A-416D-BB68-93F227191BCF}.Release|x86.Build.0 = Release|Any CPU
		{DEAE4354-A273-44A7-B95A-DD86BE728FFB}.Debug|Any CPU.ActiveCfg = Debug|Any CPU
		{DEAE4354-A273-44A7-B95A-DD86BE728FFB}.Debug|Any CPU.Build.0 = Debug|Any CPU
		{DEAE4354-A273-44A7-B95A-DD86BE728FFB}.Debug|x64.ActiveCfg = Debug|Any CPU
		{DEAE4354-A273-44A7-B95A-DD86BE728FFB}.Debug|x86.ActiveCfg = Debug|Any CPU
		{DEAE4354-A273-44A7-B95A-DD86BE728FFB}.Release|Any CPU.ActiveCfg = Release|Any CPU
		{DEAE4354-A273-44A7-B95A-DD86BE728FFB}.Release|Any CPU.Build.0 = Release|Any CPU
		{DEAE4354-A273-44A7-B95A-DD86BE728FFB}.Release|x64.ActiveCfg = Release|Any CPU
		{DEAE4354-A273-44A7-B95A-DD86BE728FFB}.Release|x64.Build.0 = Release|Any CPU
		{DEAE4354-A273-44A7-B95A-DD86BE728FFB}.Release|x86.ActiveCfg = Release|Any CPU
		{DEAE4354-A273-44A7-B95A-DD86BE728FFB}.Release|x86.Build.0 = Release|Any CPU
	EndGlobalSection
	GlobalSection(SolutionProperties) = preSolution
		HideSolutionNode = FALSE
	EndGlobalSection
	GlobalSection(NestedProjects) = preSolution
		{B8231F8C-0F37-43B8-B20A-6F71E9CFAA3E} = {D40F5B9D-0573-4366-8519-DD11968A29A3}
		{A64B5AAF-7EF9-42F8-8F93-00424C95C99A} = {BC2DF808-D5CB-4C06-8AC2-D772407CDD23}
		{5A091F50-4BF6-4325-9120-F9CAB4F8F318} = {ABBF9A84-B0E7-4275-934B-D128C85BC290}
		{ABBF9A84-B0E7-4275-934B-D128C85BC290} = {9A6CC298-B900-4F93-9906-247E2ACBC5DF}
		{B1C5E03F-37EC-44B6-B624-8917D9FB29F8} = {5A091F50-4BF6-4325-9120-F9CAB4F8F318}
		{562DF6A9-98E6-4C83-94E1-7A5310CE1962} = {5A091F50-4BF6-4325-9120-F9CAB4F8F318}
		{CF45FAE8-3DAD-4159-BBDD-CC6D3C06B91F} = {5A091F50-4BF6-4325-9120-F9CAB4F8F318}
		{71392F3D-7171-43FA-8F68-365A31889AB0} = {BC2DF808-D5CB-4C06-8AC2-D772407CDD23}
		{030B10DD-4861-4BE1-B0D6-DB43587E603F} = {BC2DF808-D5CB-4C06-8AC2-D772407CDD23}
		{35789C27-44DE-4251-8528-6B0DE5C66608} = {BC2DF808-D5CB-4C06-8AC2-D772407CDD23}
		{83FB5360-CE27-4255-8457-13E789DC5B0C} = {BC2DF808-D5CB-4C06-8AC2-D772407CDD23}
		{EC58B191-43C1-4F6B-AFB6-506F3FE3A92B} = {00C42FFB-D661-40EB-A872-448DD7EA18C8}
		{2CB180C7-D96A-4E43-8676-F928E4736A1F} = {BC2DF808-D5CB-4C06-8AC2-D772407CDD23}
		{C66D5C17-4E9A-4E91-A62C-927F7FD94B06} = {00C42FFB-D661-40EB-A872-448DD7EA18C8}
		{52661571-B3EE-421E-A6ED-983023665738} = {BC2DF808-D5CB-4C06-8AC2-D772407CDD23}
		{3C8F7229-645F-4899-BEF5-6E55660EFD16} = {00C42FFB-D661-40EB-A872-448DD7EA18C8}
		{3CFBE1AA-475A-46ED-8F46-62AE7F3B5CBB} = {A64B5AAF-7EF9-42F8-8F93-00424C95C99A}
		{8E168B27-2033-412A-B362-5102400EA471} = {BC2DF808-D5CB-4C06-8AC2-D772407CDD23}
		{ADF8F287-C67B-43DE-A463-DFD7BB4EACD0} = {00C42FFB-D661-40EB-A872-448DD7EA18C8}
		{65FDB136-49EE-4316-95C5-AEE4C1A5DA83} = {BC2DF808-D5CB-4C06-8AC2-D772407CDD23}
		{584493DA-04A9-4A95-AA49-F532A85D8C1A} = {BC2DF808-D5CB-4C06-8AC2-D772407CDD23}
		{A60706FF-08D7-4320-99F9-A2413275CDF6} = {A64B5AAF-7EF9-42F8-8F93-00424C95C99A}
		{C2534DEA-AF8C-43F3-81ED-86E6B5932CF6} = {BC2DF808-D5CB-4C06-8AC2-D772407CDD23}
		{B3299141-8636-4403-B884-2C5C63ED4A73} = {00C42FFB-D661-40EB-A872-448DD7EA18C8}
		{E3FE7841-2DB8-4713-8C41-FB399D921A77} = {BC2DF808-D5CB-4C06-8AC2-D772407CDD23}
		{7F129FBE-E40C-4B53-8536-492D677B25D5} = {BC2DF808-D5CB-4C06-8AC2-D772407CDD23}
		{650BBE9A-D0C5-4590-A82A-8E63C664A893} = {7F129FBE-E40C-4B53-8536-492D677B25D5}
		{650BBE9A-D0C5-4590-A82A-8E63C664A894} = {7F129FBE-E40C-4B53-8536-492D677B25D5}
		{6BD4DB74-E584-49D5-9E99-651DE81FB6D5} = {00C42FFB-D661-40EB-A872-448DD7EA18C8}
		{5702ADA9-6583-4019-ADA1-A48CCC3F53EA} = {00C42FFB-D661-40EB-A872-448DD7EA18C8}
		{F0BE2454-EEE9-4194-AB93-D6B9E3D23914} = {00C42FFB-D661-40EB-A872-448DD7EA18C8}
		{20CCB52F-DE6E-4DA4-821E-5B3BD6771704} = {BC2DF808-D5CB-4C06-8AC2-D772407CDD23}
		{142D8B13-3EED-43A9-96BD-353FFA72E536} = {F7FBA37A-2304-49E1-B499-D030FA58074E}
		{BA7A45C0-990C-4BD0-B0C0-4984054576E2} = {F7FBA37A-2304-49E1-B499-D030FA58074E}
		{F7FBA37A-2304-49E1-B499-D030FA58074E} = {00C42FFB-D661-40EB-A872-448DD7EA18C8}
		{3520779C-829E-4276-9163-CA65490449F1} = {A64B5AAF-7EF9-42F8-8F93-00424C95C99A}
		{9E20DA0B-348E-4E84-A5CB-E63956E51016} = {BC2DF808-D5CB-4C06-8AC2-D772407CDD23}
		{0EB34C67-4E1F-4D7B-A1E0-16061A857DEA} = {A64B5AAF-7EF9-42F8-8F93-00424C95C99A}
		{4FB86E4A-B69A-4A49-94A7-6DA60AEA46FD} = {5A091F50-4BF6-4325-9120-F9CAB4F8F318}
		{CA40C954-A18B-40F8-963B-E094B18A7050} = {ABBF9A84-B0E7-4275-934B-D128C85BC290}
		{28A76871-90D6-499A-9E3A-317541FDB7D9} = {CA40C954-A18B-40F8-963B-E094B18A7050}
		{BD6B70AE-CA40-4A9D-810F-3EDDBD0B6817} = {CA40C954-A18B-40F8-963B-E094B18A7050}
		{F2D46857-7BBF-433C-ABBE-F9E9DF4CD1DB} = {00C42FFB-D661-40EB-A872-448DD7EA18C8}
		{D54C40D0-8658-41F3-9426-7747CE9E6FA6} = {00C42FFB-D661-40EB-A872-448DD7EA18C8}
		{30070734-422B-4C24-BE3F-906E2AE03A10} = {A64B5AAF-7EF9-42F8-8F93-00424C95C99A}
		{30070734-422B-4C24-BE3F-906E2AE03A12} = {A64B5AAF-7EF9-42F8-8F93-00424C95C99A}
		{C57A61D9-4E45-41BB-AE75-933FBA9A9079} = {A64B5AAF-7EF9-42F8-8F93-00424C95C99A}
		{427A547E-5E65-429F-86A3-52D5126DB0C0} = {BC2DF808-D5CB-4C06-8AC2-D772407CDD23}
		{46B431CD-5C7E-4A74-9479-E6AA8B320BF5} = {BC2DF808-D5CB-4C06-8AC2-D772407CDD23}
		{CF60D52E-EB9A-4F97-BB74-9B81C08B2B12} = {D40F5B9D-0573-4366-8519-DD11968A29A3}
		{76A3DDEC-2F19-4473-ABCE-0C2914731793} = {BC2DF808-D5CB-4C06-8AC2-D772407CDD23}
		{8EDF4429-251A-416D-BB68-93F227191BCF} = {00C42FFB-D661-40EB-A872-448DD7EA18C8}
		{DEAE4354-A273-44A7-B95A-DD86BE728FFB} = {00C42FFB-D661-40EB-A872-448DD7EA18C8}
	EndGlobalSection
	GlobalSection(ExtensibilityGlobals) = postSolution
		SolutionGuid = {D7D2573B-0791-4C47-9876-371D8780208C}
	EndGlobalSection
	GlobalSection(TestCaseManagementSettings) = postSolution
		CategoryFile = NScript1.vsmdi
	EndGlobalSection
	GlobalSection(SubversionScc) = preSolution
		Manager = AnkhSVN - Subversion Support for Visual Studio
		Svn-Managed = True
	EndGlobalSection
EndGlobal
