
Microsoft Visual Studio Solution File, Format Version 12.00
# Visual Studio Version 17
VisualStudioVersion = 17.0.32112.339
MinimumVisualStudioVersion = 10.0.40219.1
Project("{930C7802-8A8C-48F9-8165-68863BCCD9DD}") = "Setup", "Sources\Setup\Setup.wixproj", "{9E20DA0B-348E-4E84-A5CB-E63956E51016}"
	ProjectSection(ProjectDependencies) = postProject
		{05F0565E-2A8F-4FEE-A9CE-44499D295905} = {05F0565E-2A8F-4FEE-A9CE-44499D295905}
		{2F761E61-2724-492E-B79F-C64D9B032613} = {2F761E61-2724-492E-B79F-C64D9B032613}
		{1619FBAF-D0C6-4D3A-8484-3F81BF70944B} = {1619FBAF-D0C6-4D3A-8484-3F81BF70944B}
	EndProjectSection
EndProject
Project("{2150E333-8FDC-42A3-9474-1A3956D46DE8}") = "Install", "Install", "{747209EF-DDA1-4F08-AF29-A75728FE86A5}"
EndProject
Project("{2150E333-8FDC-42A3-9474-1A3956D46DE8}") = "Sources", "Sources", "{0028922E-4789-44CE-B9FC-FD488E7E41EB}"
EndProject
Project("{2150E333-8FDC-42A3-9474-1A3956D46DE8}") = "Compiler", "Compiler", "{159B8E2A-E38A-411C-A798-F5EB41047019}"
	ProjectSection(SolutionItems) = preProject
		Sources\Compiler\Directory.Build.props = Sources\Compiler\Directory.Build.props
	EndProjectSection
EndProject
Project("{2150E333-8FDC-42A3-9474-1A3956D46DE8}") = "Framework", "Framework", "{E2815404-3C9B-4873-AAA1-696B75755BDF}"
EndProject
Project("{9A19103F-16F7-4668-BE54-9A1E7A4F7556}") = "Autoprefixer", "Sources\Compiler\Autoprefixer\Autoprefixer.csproj", "{83DDF45B-CD99-4275-B07D-C7F00F0D0848}"
EndProject
Project("{9A19103F-16F7-4668-BE54-9A1E7A4F7556}") = "CssParser", "Sources\Compiler\CssParser\CssParser.csproj", "{F91126C7-D78E-4599-8206-80B65359C865}"
EndProject
Project("{9A19103F-16F7-4668-BE54-9A1E7A4F7556}") = "JsCsc", "Sources\Compiler\JsCsc\JsCsc.csproj", "{2F761E61-2724-492E-B79F-C64D9B032613}"
EndProject
Project("{9A19103F-16F7-4668-BE54-9A1E7A4F7556}") = "JsCsc.Lib", "Sources\Compiler\JsCsc.Lib\JsCsc.Lib.csproj", "{CCF76780-E1CB-4EC8-832B-1378CAF0B694}"
EndProject
Project("{9A19103F-16F7-4668-BE54-9A1E7A4F7556}") = "NScript", "Sources\Compiler\NScript\NScript.csproj", "{1619FBAF-D0C6-4D3A-8484-3F81BF70944B}"
EndProject
Project("{9A19103F-16F7-4668-BE54-9A1E7A4F7556}") = "NScript.CLR", "Sources\Compiler\NScript.CLR\NScript.CLR.csproj", "{B23A005D-3573-44BE-B27D-E5080675A3B7}"
EndProject
Project("{9A19103F-16F7-4668-BE54-9A1E7A4F7556}") = "NScript.Converter", "Sources\Compiler\NScript.Converter\NScript.Converter.csproj", "{1DFA2E32-70D8-47AD-A585-29BE63C86DD3}"
EndProject
Project("{9A19103F-16F7-4668-BE54-9A1E7A4F7556}") = "NScript.Converter.Plugins", "Sources\Compiler\NScript.Converter.Plugins\NScript.Converter.Plugins.csproj", "{1F04F790-76C3-45A4-980E-62A506633BF8}"
EndProject
Project("{9A19103F-16F7-4668-BE54-9A1E7A4F7556}") = "NScript.csc.lib", "Sources\Compiler\NScript.Csc.Lib\NScript.csc.lib.csproj", "{C0C8A362-FBDD-4B6C-BF21-DD1B641F3201}"
EndProject
Project("{9A19103F-16F7-4668-BE54-9A1E7A4F7556}") = "NScript.JSParser", "Sources\Compiler\NScript.JSParser\NScript.JSParser.csproj", "{0D04BD5C-B0EC-48C8-B3BF-4D330F9681ED}"
EndProject
Project("{9A19103F-16F7-4668-BE54-9A1E7A4F7556}") = "NScript.JS.AST", "Sources\Compiler\NScript.JST\NScript.JS.AST.csproj", "{A952EC3D-F3A1-4600-A0BC-9FE87B22A20A}"
EndProject
Project("{FAE04EC0-301F-11D3-BF4B-00C04F79EFBC}") = "Cs2JsC.Template.Compiler", "Sources\Compiler\NScript.Template.Compiler\Cs2JsC.Template.Compiler.csproj", "{BD7BE0BD-9015-413B-961E-68D3E8EAECB6}"
EndProject
Project("{9A19103F-16F7-4668-BE54-9A1E7A4F7556}") = "NScript.Utils", "Sources\Compiler\NScript.Utils\NScript.Utils.csproj", "{8074E557-A27B-4EE1-AFC0-BA177231A77C}"
EndProject
Project("{9A19103F-16F7-4668-BE54-9A1E7A4F7556}") = "SourceMap", "Sources\Compiler\SourceMap\SourceMap.csproj", "{39088860-F57B-47AE-B5FB-0A12DB3007F1}"
EndProject
Project("{9A19103F-16F7-4668-BE54-9A1E7A4F7556}") = "XwmlParser", "Sources\Compiler\XwmlParser\XwmlParser.csproj", "{05F0565E-2A8F-4FEE-A9CE-44499D295905}"
EndProject
Project("{2150E333-8FDC-42A3-9474-1A3956D46DE8}") = "Tests", "Tests", "{9E28217A-B882-46E1-B4BD-0B98ED6DE47B}"
EndProject
Project("{2150E333-8FDC-42A3-9474-1A3956D46DE8}") = "Compiler", "Compiler", "{E943DD6D-D4B1-475B-8698-0E72589EDCC6}"
EndProject
Project("{9A19103F-16F7-4668-BE54-9A1E7A4F7556}") = "CssParser.Test", "Test\Compiler\CssParser.Test\CssParser.Test.csproj", "{149F5B38-CCBC-4AB6-A646-3B78440DEDEC}"
EndProject
Project("{9A19103F-16F7-4668-BE54-9A1E7A4F7556}") = "NScript.CLR.Test", "Test\Compiler\NScript.CLR.Test\NScript.CLR.Test.csproj", "{2130FE05-E84B-4596-B05E-6B77A1CCC8A4}"
EndProject
Project("{9A19103F-16F7-4668-BE54-9A1E7A4F7556}") = "NScript.Converter.Test", "Test\Compiler\NScript.Converter.Test\NScript.Converter.Test.csproj", "{D488E3A6-342B-48B0-B11E-ADEE319DE6CC}"
EndProject
Project("{9A19103F-16F7-4668-BE54-9A1E7A4F7556}") = "NScript.Csc.Lib.Test", "Test\Compiler\NScript.Csc.Lib.Test\NScript.Csc.Lib.Test.csproj", "{C5D63095-39D9-4DC2-8A7E-3072300B945D}"
EndProject
Project("{9A19103F-16F7-4668-BE54-9A1E7A4F7556}") = "NScript.JSParser.Test", "Test\Compiler\NScript.JSParser.Test\NScript.JSParser.Test.csproj", "{11671D42-6282-4586-9C54-0AF245E08BFC}"
EndProject
Project("{2150E333-8FDC-42A3-9474-1A3956D46DE8}") = "Solution Items", "Solution Items", "{4014AF2D-8E66-416D-9D0A-C511D3DCC78D}"
	ProjectSection(SolutionItems) = preProject
		Directory.Build.props = Directory.Build.props
	EndProjectSection
EndProject
Project("{9A19103F-16F7-4668-BE54-9A1E7A4F7556}") = "NScript.MsCorlib", "Sources\Framework\mscorlib\NScript.MsCorlib.csproj", "{3CFBE1AA-475A-46ED-8F46-62AE7F3B5CBB}"
	ProjectSection(ProjectDependencies) = postProject
		{2F761E61-2724-492E-B79F-C64D9B032613} = {2F761E61-2724-492E-B79F-C64D9B032613}
	EndProjectSection
EndProject
Project("{9A19103F-16F7-4668-BE54-9A1E7A4F7556}") = "System.Core", "Sources\Framework\System.Core\System.Core.csproj", "{30070734-422B-4C24-BE3F-906E2AE03A10}"
EndProject
Project("{9A19103F-16F7-4668-BE54-9A1E7A4F7556}") = "Microsoft.CSharp", "Sources\Framework\Microsoft.CSharp\Microsoft.CSharp.csproj", "{30070734-422B-4C24-BE3F-906E2AE03A12}"
EndProject
Project("{9A19103F-16F7-4668-BE54-9A1E7A4F7556}") = "System.Dynamic", "Sources\Framework\System.Dynamic\System.Dynamic.csproj", "{C57A61D9-4E45-41BB-AE75-933FBA9A9079}"
EndProject
Project("{9A19103F-16F7-4668-BE54-9A1E7A4F7556}") = "System.Web", "Sources\Framework\System.Web\System.Web.csproj", "{3520779C-829E-4276-9163-CA65490449F1}"
EndProject
Project("{9A19103F-16F7-4668-BE54-9A1E7A4F7556}") = "System.Web.Html", "Sources\Framework\System.Web.Html\System.Web.Html.csproj", "{A60706FF-08D7-4320-99F9-A2413275CDF6}"
EndProject
Project("{9A19103F-16F7-4668-BE54-9A1E7A4F7556}") = "Windows", "Sources\Framework\WinRT\Windows.csproj", "{0EB34C67-4E1F-4D7B-A1E0-16061A857DEA}"
EndProject
Project("{9A19103F-16F7-4668-BE54-9A1E7A4F7556}") = "Sunlight.Framework", "Sources\Framework\Sunlight.Framework\Sunlight.Framework.csproj", "{650BBE9A-D0C5-4590-A82A-8E63C664A893}"
EndProject
Project("{9A19103F-16F7-4668-BE54-9A1E7A4F7556}") = "Sunlight.Framework.UI", "Sources\Framework\Sunlight.Framework.UI\Sunlight.Framework.UI.csproj", "{650BBE9A-D0C5-4590-A82A-8E63C664A894}"
EndProject
Project("{2150E333-8FDC-42A3-9474-1A3956D46DE8}") = "Framework", "Framework", "{641EC57C-4A93-4710-8469-5D379A0E0B7A}"
EndProject
Project("{9A19103F-16F7-4668-BE54-9A1E7A4F7556}") = "RealScript", "Test\Framework\RealScript\RealScript.csproj", "{BA7A45C0-990C-4BD0-B0C0-4984054576E2}"
EndProject
Project("{9A19103F-16F7-4668-BE54-9A1E7A4F7556}") = "RealScript.Debug", "Test\Framework\RealScript\RealScript.Debug.csproj", "{142D8B13-3EED-43A9-96BD-353FFA72E536}"
EndProject
Project("{9A19103F-16F7-4668-BE54-9A1E7A4F7556}") = "Sunlight.Framework.Test", "Test\Framework\Sunlight.Framework.Test\Sunlight.Framework.Test.csproj", "{5702ADA9-6583-4019-ADA1-A48CCC3F53EA}"
EndProject
Project("{9A19103F-16F7-4668-BE54-9A1E7A4F7556}") = "Sunlight.Framework.UI.Test", "Test\Framework\Sunlight.Framework.UI.Test\Sunlight.Framework.UI.Test.csproj", "{F2D46857-7BBF-433C-ABBE-F9E9DF4CD1DB}"
	ProjectSection(ProjectDependencies) = postProject
		{05F0565E-2A8F-4FEE-A9CE-44499D295905} = {05F0565E-2A8F-4FEE-A9CE-44499D295905}
		{1F04F790-76C3-45A4-980E-62A506633BF8} = {1F04F790-76C3-45A4-980E-62A506633BF8}
	EndProjectSection
EndProject
Project("{9A19103F-16F7-4668-BE54-9A1E7A4F7556}") = "SunlightUnit", "Sources\Framework\SunlightUnit\SunlightUnit.csproj", "{688E02E6-FD92-4FD1-9484-033459E61D61}"
EndProject
Project("{2150E333-8FDC-42A3-9474-1A3956D46DE8}") = "Tools", "Tools", "{42D0C859-9AAC-4893-B6CB-25463EF21732}"
EndProject
Project("{9A19103F-16F7-4668-BE54-9A1E7A4F7556}") = "SunlightTestAdapter", "Sources\Tools\SunlightTestAdapter\SunlightTestAdapter.csproj", "{2ED5FD1F-4C66-4B2F-8D17-ABB35BA38E62}"
EndProject
Project("{FAE04EC0-301F-11D3-BF4B-00C04F79EFBC}") = "NScript.Sdk", "Sources\Compiler\NScript.Sdk\NScript.Sdk.csproj", "{139FDB68-483A-46FA-98F2-62430D0A91E3}"
EndProject
Global
	GlobalSection(SolutionConfigurationPlatforms) = preSolution
		Debug|Any CPU = Debug|Any CPU
		Debug|x86 = Debug|x86
		Release|Any CPU = Release|Any CPU
		Release|x86 = Release|x86
	EndGlobalSection
	GlobalSection(ProjectConfigurationPlatforms) = postSolution
		{9E20DA0B-348E-4E84-A5CB-E63956E51016}.Debug|Any CPU.ActiveCfg = Debug|x86
		{9E20DA0B-348E-4E84-A5CB-E63956E51016}.Debug|x86.ActiveCfg = Debug|x86
		{9E20DA0B-348E-4E84-A5CB-E63956E51016}.Debug|x86.Build.0 = Debug|x86
		{9E20DA0B-348E-4E84-A5CB-E63956E51016}.Release|Any CPU.ActiveCfg = Release|x86
		{9E20DA0B-348E-4E84-A5CB-E63956E51016}.Release|x86.ActiveCfg = Release|x86
		{9E20DA0B-348E-4E84-A5CB-E63956E51016}.Release|x86.Build.0 = Release|x86
		{83DDF45B-CD99-4275-B07D-C7F00F0D0848}.Debug|Any CPU.ActiveCfg = Debug|Any CPU
		{83DDF45B-CD99-4275-B07D-C7F00F0D0848}.Debug|Any CPU.Build.0 = Debug|Any CPU
		{83DDF45B-CD99-4275-B07D-C7F00F0D0848}.Debug|x86.ActiveCfg = Debug|Any CPU
		{83DDF45B-CD99-4275-B07D-C7F00F0D0848}.Debug|x86.Build.0 = Debug|Any CPU
		{83DDF45B-CD99-4275-B07D-C7F00F0D0848}.Release|Any CPU.ActiveCfg = Release|Any CPU
		{83DDF45B-CD99-4275-B07D-C7F00F0D0848}.Release|Any CPU.Build.0 = Release|Any CPU
		{83DDF45B-CD99-4275-B07D-C7F00F0D0848}.Release|x86.ActiveCfg = Release|Any CPU
		{83DDF45B-CD99-4275-B07D-C7F00F0D0848}.Release|x86.Build.0 = Release|Any CPU
		{F91126C7-D78E-4599-8206-80B65359C865}.Debug|Any CPU.ActiveCfg = Debug|Any CPU
		{F91126C7-D78E-4599-8206-80B65359C865}.Debug|Any CPU.Build.0 = Debug|Any CPU
		{F91126C7-D78E-4599-8206-80B65359C865}.Debug|x86.ActiveCfg = Debug|Any CPU
		{F91126C7-D78E-4599-8206-80B65359C865}.Debug|x86.Build.0 = Debug|Any CPU
		{F91126C7-D78E-4599-8206-80B65359C865}.Release|Any CPU.ActiveCfg = Release|Any CPU
		{F91126C7-D78E-4599-8206-80B65359C865}.Release|Any CPU.Build.0 = Release|Any CPU
		{F91126C7-D78E-4599-8206-80B65359C865}.Release|x86.ActiveCfg = Release|Any CPU
		{F91126C7-D78E-4599-8206-80B65359C865}.Release|x86.Build.0 = Release|Any CPU
		{2F761E61-2724-492E-B79F-C64D9B032613}.Debug|Any CPU.ActiveCfg = Debug|Any CPU
		{2F761E61-2724-492E-B79F-C64D9B032613}.Debug|Any CPU.Build.0 = Debug|Any CPU
		{2F761E61-2724-492E-B79F-C64D9B032613}.Debug|x86.ActiveCfg = Debug|Any CPU
		{2F761E61-2724-492E-B79F-C64D9B032613}.Debug|x86.Build.0 = Debug|Any CPU
		{2F761E61-2724-492E-B79F-C64D9B032613}.Release|Any CPU.ActiveCfg = Release|Any CPU
		{2F761E61-2724-492E-B79F-C64D9B032613}.Release|Any CPU.Build.0 = Release|Any CPU
		{2F761E61-2724-492E-B79F-C64D9B032613}.Release|x86.ActiveCfg = Release|Any CPU
		{2F761E61-2724-492E-B79F-C64D9B032613}.Release|x86.Build.0 = Release|Any CPU
		{CCF76780-E1CB-4EC8-832B-1378CAF0B694}.Debug|Any CPU.ActiveCfg = Debug|Any CPU
		{CCF76780-E1CB-4EC8-832B-1378CAF0B694}.Debug|Any CPU.Build.0 = Debug|Any CPU
		{CCF76780-E1CB-4EC8-832B-1378CAF0B694}.Debug|x86.ActiveCfg = Debug|Any CPU
		{CCF76780-E1CB-4EC8-832B-1378CAF0B694}.Debug|x86.Build.0 = Debug|Any CPU
		{CCF76780-E1CB-4EC8-832B-1378CAF0B694}.Release|Any CPU.ActiveCfg = Release|Any CPU
		{CCF76780-E1CB-4EC8-832B-1378CAF0B694}.Release|Any CPU.Build.0 = Release|Any CPU
		{CCF76780-E1CB-4EC8-832B-1378CAF0B694}.Release|x86.ActiveCfg = Release|Any CPU
		{CCF76780-E1CB-4EC8-832B-1378CAF0B694}.Release|x86.Build.0 = Release|Any CPU
		{1619FBAF-D0C6-4D3A-8484-3F81BF70944B}.Debug|Any CPU.ActiveCfg = Debug|Any CPU
		{1619FBAF-D0C6-4D3A-8484-3F81BF70944B}.Debug|Any CPU.Build.0 = Debug|Any CPU
		{1619FBAF-D0C6-4D3A-8484-3F81BF70944B}.Debug|x86.ActiveCfg = Debug|Any CPU
		{1619FBAF-D0C6-4D3A-8484-3F81BF70944B}.Debug|x86.Build.0 = Debug|Any CPU
		{1619FBAF-D0C6-4D3A-8484-3F81BF70944B}.Release|Any CPU.ActiveCfg = Release|Any CPU
		{1619FBAF-D0C6-4D3A-8484-3F81BF70944B}.Release|Any CPU.Build.0 = Release|Any CPU
		{1619FBAF-D0C6-4D3A-8484-3F81BF70944B}.Release|x86.ActiveCfg = Release|Any CPU
		{1619FBAF-D0C6-4D3A-8484-3F81BF70944B}.Release|x86.Build.0 = Release|Any CPU
		{B23A005D-3573-44BE-B27D-E5080675A3B7}.Debug|Any CPU.ActiveCfg = Debug|Any CPU
		{B23A005D-3573-44BE-B27D-E5080675A3B7}.Debug|Any CPU.Build.0 = Debug|Any CPU
		{B23A005D-3573-44BE-B27D-E5080675A3B7}.Debug|x86.ActiveCfg = Debug|Any CPU
		{B23A005D-3573-44BE-B27D-E5080675A3B7}.Debug|x86.Build.0 = Debug|Any CPU
		{B23A005D-3573-44BE-B27D-E5080675A3B7}.Release|Any CPU.ActiveCfg = Release|Any CPU
		{B23A005D-3573-44BE-B27D-E5080675A3B7}.Release|Any CPU.Build.0 = Release|Any CPU
		{B23A005D-3573-44BE-B27D-E5080675A3B7}.Release|x86.ActiveCfg = Release|Any CPU
		{B23A005D-3573-44BE-B27D-E5080675A3B7}.Release|x86.Build.0 = Release|Any CPU
		{1DFA2E32-70D8-47AD-A585-29BE63C86DD3}.Debug|Any CPU.ActiveCfg = Debug|Any CPU
		{1DFA2E32-70D8-47AD-A585-29BE63C86DD3}.Debug|Any CPU.Build.0 = Debug|Any CPU
		{1DFA2E32-70D8-47AD-A585-29BE63C86DD3}.Debug|x86.ActiveCfg = Debug|Any CPU
		{1DFA2E32-70D8-47AD-A585-29BE63C86DD3}.Debug|x86.Build.0 = Debug|Any CPU
		{1DFA2E32-70D8-47AD-A585-29BE63C86DD3}.Release|Any CPU.ActiveCfg = Release|Any CPU
		{1DFA2E32-70D8-47AD-A585-29BE63C86DD3}.Release|Any CPU.Build.0 = Release|Any CPU
		{1DFA2E32-70D8-47AD-A585-29BE63C86DD3}.Release|x86.ActiveCfg = Release|Any CPU
		{1DFA2E32-70D8-47AD-A585-29BE63C86DD3}.Release|x86.Build.0 = Release|Any CPU
		{1F04F790-76C3-45A4-980E-62A506633BF8}.Debug|Any CPU.ActiveCfg = Debug|Any CPU
		{1F04F790-76C3-45A4-980E-62A506633BF8}.Debug|Any CPU.Build.0 = Debug|Any CPU
		{1F04F790-76C3-45A4-980E-62A506633BF8}.Debug|x86.ActiveCfg = Debug|Any CPU
		{1F04F790-76C3-45A4-980E-62A506633BF8}.Debug|x86.Build.0 = Debug|Any CPU
		{1F04F790-76C3-45A4-980E-62A506633BF8}.Release|Any CPU.ActiveCfg = Release|Any CPU
		{1F04F790-76C3-45A4-980E-62A506633BF8}.Release|Any CPU.Build.0 = Release|Any CPU
		{1F04F790-76C3-45A4-980E-62A506633BF8}.Release|x86.ActiveCfg = Release|Any CPU
		{1F04F790-76C3-45A4-980E-62A506633BF8}.Release|x86.Build.0 = Release|Any CPU
		{C0C8A362-FBDD-4B6C-BF21-DD1B641F3201}.Debug|Any CPU.ActiveCfg = Debug|Any CPU
		{C0C8A362-FBDD-4B6C-BF21-DD1B641F3201}.Debug|Any CPU.Build.0 = Debug|Any CPU
		{C0C8A362-FBDD-4B6C-BF21-DD1B641F3201}.Debug|x86.ActiveCfg = Debug|Any CPU
		{C0C8A362-FBDD-4B6C-BF21-DD1B641F3201}.Debug|x86.Build.0 = Debug|Any CPU
		{C0C8A362-FBDD-4B6C-BF21-DD1B641F3201}.Release|Any CPU.ActiveCfg = Release|Any CPU
		{C0C8A362-FBDD-4B6C-BF21-DD1B641F3201}.Release|Any CPU.Build.0 = Release|Any CPU
		{C0C8A362-FBDD-4B6C-BF21-DD1B641F3201}.Release|x86.ActiveCfg = Release|Any CPU
		{C0C8A362-FBDD-4B6C-BF21-DD1B641F3201}.Release|x86.Build.0 = Release|Any CPU
		{0D04BD5C-B0EC-48C8-B3BF-4D330F9681ED}.Debug|Any CPU.ActiveCfg = Debug|Any CPU
		{0D04BD5C-B0EC-48C8-B3BF-4D330F9681ED}.Debug|Any CPU.Build.0 = Debug|Any CPU
		{0D04BD5C-B0EC-48C8-B3BF-4D330F9681ED}.Debug|x86.ActiveCfg = Debug|Any CPU
		{0D04BD5C-B0EC-48C8-B3BF-4D330F9681ED}.Debug|x86.Build.0 = Debug|Any CPU
		{0D04BD5C-B0EC-48C8-B3BF-4D330F9681ED}.Release|Any CPU.ActiveCfg = Release|Any CPU
		{0D04BD5C-B0EC-48C8-B3BF-4D330F9681ED}.Release|Any CPU.Build.0 = Release|Any CPU
		{0D04BD5C-B0EC-48C8-B3BF-4D330F9681ED}.Release|x86.ActiveCfg = Release|Any CPU
		{0D04BD5C-B0EC-48C8-B3BF-4D330F9681ED}.Release|x86.Build.0 = Release|Any CPU
		{A952EC3D-F3A1-4600-A0BC-9FE87B22A20A}.Debug|Any CPU.ActiveCfg = Debug|Any CPU
		{A952EC3D-F3A1-4600-A0BC-9FE87B22A20A}.Debug|Any CPU.Build.0 = Debug|Any CPU
		{A952EC3D-F3A1-4600-A0BC-9FE87B22A20A}.Debug|x86.ActiveCfg = Debug|Any CPU
		{A952EC3D-F3A1-4600-A0BC-9FE87B22A20A}.Debug|x86.Build.0 = Debug|Any CPU
		{A952EC3D-F3A1-4600-A0BC-9FE87B22A20A}.Release|Any CPU.ActiveCfg = Release|Any CPU
		{A952EC3D-F3A1-4600-A0BC-9FE87B22A20A}.Release|Any CPU.Build.0 = Release|Any CPU
		{A952EC3D-F3A1-4600-A0BC-9FE87B22A20A}.Release|x86.ActiveCfg = Release|Any CPU
		{A952EC3D-F3A1-4600-A0BC-9FE87B22A20A}.Release|x86.Build.0 = Release|Any CPU
		{BD7BE0BD-9015-413B-961E-68D3E8EAECB6}.Debug|Any CPU.ActiveCfg = Debug|x86
		{BD7BE0BD-9015-413B-961E-68D3E8EAECB6}.Debug|x86.ActiveCfg = Debug|x86
		{BD7BE0BD-9015-413B-961E-68D3E8EAECB6}.Debug|x86.Build.0 = Debug|x86
		{BD7BE0BD-9015-413B-961E-68D3E8EAECB6}.Release|Any CPU.ActiveCfg = Release|x86
		{BD7BE0BD-9015-413B-961E-68D3E8EAECB6}.Release|x86.ActiveCfg = Release|x86
		{BD7BE0BD-9015-413B-961E-68D3E8EAECB6}.Release|x86.Build.0 = Release|x86
		{8074E557-A27B-4EE1-AFC0-BA177231A77C}.Debug|Any CPU.ActiveCfg = Debug|Any CPU
		{8074E557-A27B-4EE1-AFC0-BA177231A77C}.Debug|Any CPU.Build.0 = Debug|Any CPU
		{8074E557-A27B-4EE1-AFC0-BA177231A77C}.Debug|x86.ActiveCfg = Debug|Any CPU
		{8074E557-A27B-4EE1-AFC0-BA177231A77C}.Debug|x86.Build.0 = Debug|Any CPU
		{8074E557-A27B-4EE1-AFC0-BA177231A77C}.Release|Any CPU.ActiveCfg = Release|Any CPU
		{8074E557-A27B-4EE1-AFC0-BA177231A77C}.Release|Any CPU.Build.0 = Release|Any CPU
		{8074E557-A27B-4EE1-AFC0-BA177231A77C}.Release|x86.ActiveCfg = Release|Any CPU
		{8074E557-A27B-4EE1-AFC0-BA177231A77C}.Release|x86.Build.0 = Release|Any CPU
		{39088860-F57B-47AE-B5FB-0A12DB3007F1}.Debug|Any CPU.ActiveCfg = Debug|Any CPU
		{39088860-F57B-47AE-B5FB-0A12DB3007F1}.Debug|Any CPU.Build.0 = Debug|Any CPU
		{39088860-F57B-47AE-B5FB-0A12DB3007F1}.Debug|x86.ActiveCfg = Debug|Any CPU
		{39088860-F57B-47AE-B5FB-0A12DB3007F1}.Debug|x86.Build.0 = Debug|Any CPU
		{39088860-F57B-47AE-B5FB-0A12DB3007F1}.Release|Any CPU.ActiveCfg = Release|Any CPU
		{39088860-F57B-47AE-B5FB-0A12DB3007F1}.Release|Any CPU.Build.0 = Release|Any CPU
		{39088860-F57B-47AE-B5FB-0A12DB3007F1}.Release|x86.ActiveCfg = Release|Any CPU
		{39088860-F57B-47AE-B5FB-0A12DB3007F1}.Release|x86.Build.0 = Release|Any CPU
		{05F0565E-2A8F-4FEE-A9CE-44499D295905}.Debug|Any CPU.ActiveCfg = Debug|Any CPU
		{05F0565E-2A8F-4FEE-A9CE-44499D295905}.Debug|Any CPU.Build.0 = Debug|Any CPU
		{05F0565E-2A8F-4FEE-A9CE-44499D295905}.Debug|x86.ActiveCfg = Debug|Any CPU
		{05F0565E-2A8F-4FEE-A9CE-44499D295905}.Debug|x86.Build.0 = Debug|Any CPU
		{05F0565E-2A8F-4FEE-A9CE-44499D295905}.Release|Any CPU.ActiveCfg = Release|Any CPU
		{05F0565E-2A8F-4FEE-A9CE-44499D295905}.Release|Any CPU.Build.0 = Release|Any CPU
		{05F0565E-2A8F-4FEE-A9CE-44499D295905}.Release|x86.ActiveCfg = Release|Any CPU
		{05F0565E-2A8F-4FEE-A9CE-44499D295905}.Release|x86.Build.0 = Release|Any CPU
		{149F5B38-CCBC-4AB6-A646-3B78440DEDEC}.Debug|Any CPU.ActiveCfg = Debug|Any CPU
		{149F5B38-CCBC-4AB6-A646-3B78440DEDEC}.Debug|Any CPU.Build.0 = Debug|Any CPU
		{149F5B38-CCBC-4AB6-A646-3B78440DEDEC}.Debug|x86.ActiveCfg = Debug|Any CPU
		{149F5B38-CCBC-4AB6-A646-3B78440DEDEC}.Debug|x86.Build.0 = Debug|Any CPU
		{149F5B38-CCBC-4AB6-A646-3B78440DEDEC}.Release|Any CPU.ActiveCfg = Release|Any CPU
		{149F5B38-CCBC-4AB6-A646-3B78440DEDEC}.Release|Any CPU.Build.0 = Release|Any CPU
		{149F5B38-CCBC-4AB6-A646-3B78440DEDEC}.Release|x86.ActiveCfg = Release|Any CPU
		{149F5B38-CCBC-4AB6-A646-3B78440DEDEC}.Release|x86.Build.0 = Release|Any CPU
		{2130FE05-E84B-4596-B05E-6B77A1CCC8A4}.Debug|Any CPU.ActiveCfg = Debug|Any CPU
		{2130FE05-E84B-4596-B05E-6B77A1CCC8A4}.Debug|Any CPU.Build.0 = Debug|Any CPU
		{2130FE05-E84B-4596-B05E-6B77A1CCC8A4}.Debug|x86.ActiveCfg = Debug|Any CPU
		{2130FE05-E84B-4596-B05E-6B77A1CCC8A4}.Debug|x86.Build.0 = Debug|Any CPU
		{2130FE05-E84B-4596-B05E-6B77A1CCC8A4}.Release|Any CPU.ActiveCfg = Release|Any CPU
		{2130FE05-E84B-4596-B05E-6B77A1CCC8A4}.Release|Any CPU.Build.0 = Release|Any CPU
		{2130FE05-E84B-4596-B05E-6B77A1CCC8A4}.Release|x86.ActiveCfg = Release|Any CPU
		{2130FE05-E84B-4596-B05E-6B77A1CCC8A4}.Release|x86.Build.0 = Release|Any CPU
		{D488E3A6-342B-48B0-B11E-ADEE319DE6CC}.Debug|Any CPU.ActiveCfg = Debug|Any CPU
		{D488E3A6-342B-48B0-B11E-ADEE319DE6CC}.Debug|Any CPU.Build.0 = Debug|Any CPU
		{D488E3A6-342B-48B0-B11E-ADEE319DE6CC}.Debug|x86.ActiveCfg = Debug|Any CPU
		{D488E3A6-342B-48B0-B11E-ADEE319DE6CC}.Debug|x86.Build.0 = Debug|Any CPU
		{D488E3A6-342B-48B0-B11E-ADEE319DE6CC}.Release|Any CPU.ActiveCfg = Release|Any CPU
		{D488E3A6-342B-48B0-B11E-ADEE319DE6CC}.Release|Any CPU.Build.0 = Release|Any CPU
		{D488E3A6-342B-48B0-B11E-ADEE319DE6CC}.Release|x86.ActiveCfg = Release|Any CPU
		{D488E3A6-342B-48B0-B11E-ADEE319DE6CC}.Release|x86.Build.0 = Release|Any CPU
		{C5D63095-39D9-4DC2-8A7E-3072300B945D}.Debug|Any CPU.ActiveCfg = Debug|Any CPU
		{C5D63095-39D9-4DC2-8A7E-3072300B945D}.Debug|Any CPU.Build.0 = Debug|Any CPU
		{C5D63095-39D9-4DC2-8A7E-3072300B945D}.Debug|x86.ActiveCfg = Debug|Any CPU
		{C5D63095-39D9-4DC2-8A7E-3072300B945D}.Debug|x86.Build.0 = Debug|Any CPU
		{C5D63095-39D9-4DC2-8A7E-3072300B945D}.Release|Any CPU.ActiveCfg = Release|Any CPU
		{C5D63095-39D9-4DC2-8A7E-3072300B945D}.Release|Any CPU.Build.0 = Release|Any CPU
		{C5D63095-39D9-4DC2-8A7E-3072300B945D}.Release|x86.ActiveCfg = Release|Any CPU
		{C5D63095-39D9-4DC2-8A7E-3072300B945D}.Release|x86.Build.0 = Release|Any CPU
		{11671D42-6282-4586-9C54-0AF245E08BFC}.Debug|Any CPU.ActiveCfg = Debug|Any CPU
		{11671D42-6282-4586-9C54-0AF245E08BFC}.Debug|Any CPU.Build.0 = Debug|Any CPU
		{11671D42-6282-4586-9C54-0AF245E08BFC}.Debug|x86.ActiveCfg = Debug|Any CPU
		{11671D42-6282-4586-9C54-0AF245E08BFC}.Debug|x86.Build.0 = Debug|Any CPU
		{11671D42-6282-4586-9C54-0AF245E08BFC}.Release|Any CPU.ActiveCfg = Release|Any CPU
		{11671D42-6282-4586-9C54-0AF245E08BFC}.Release|Any CPU.Build.0 = Release|Any CPU
		{11671D42-6282-4586-9C54-0AF245E08BFC}.Release|x86.ActiveCfg = Release|Any CPU
		{11671D42-6282-4586-9C54-0AF245E08BFC}.Release|x86.Build.0 = Release|Any CPU
		{3CFBE1AA-475A-46ED-8F46-62AE7F3B5CBB}.Debug|Any CPU.ActiveCfg = Debug|Any CPU
		{3CFBE1AA-475A-46ED-8F46-62AE7F3B5CBB}.Debug|Any CPU.Build.0 = Debug|Any CPU
		{3CFBE1AA-475A-46ED-8F46-62AE7F3B5CBB}.Debug|x86.ActiveCfg = Debug|Any CPU
		{3CFBE1AA-475A-46ED-8F46-62AE7F3B5CBB}.Debug|x86.Build.0 = Debug|Any CPU
		{3CFBE1AA-475A-46ED-8F46-62AE7F3B5CBB}.Release|Any CPU.ActiveCfg = Release|Any CPU
		{3CFBE1AA-475A-46ED-8F46-62AE7F3B5CBB}.Release|Any CPU.Build.0 = Release|Any CPU
		{3CFBE1AA-475A-46ED-8F46-62AE7F3B5CBB}.Release|x86.ActiveCfg = Release|Any CPU
		{3CFBE1AA-475A-46ED-8F46-62AE7F3B5CBB}.Release|x86.Build.0 = Release|Any CPU
		{30070734-422B-4C24-BE3F-906E2AE03A10}.Debug|Any CPU.ActiveCfg = Debug|Any CPU
		{30070734-422B-4C24-BE3F-906E2AE03A10}.Debug|Any CPU.Build.0 = Debug|Any CPU
		{30070734-422B-4C24-BE3F-906E2AE03A10}.Debug|x86.ActiveCfg = Debug|Any CPU
		{30070734-422B-4C24-BE3F-906E2AE03A10}.Debug|x86.Build.0 = Debug|Any CPU
		{30070734-422B-4C24-BE3F-906E2AE03A10}.Release|Any CPU.ActiveCfg = Release|Any CPU
		{30070734-422B-4C24-BE3F-906E2AE03A10}.Release|Any CPU.Build.0 = Release|Any CPU
		{30070734-422B-4C24-BE3F-906E2AE03A10}.Release|x86.ActiveCfg = Release|Any CPU
		{30070734-422B-4C24-BE3F-906E2AE03A10}.Release|x86.Build.0 = Release|Any CPU
		{30070734-422B-4C24-BE3F-906E2AE03A12}.Debug|Any CPU.ActiveCfg = Debug|Any CPU
		{30070734-422B-4C24-BE3F-906E2AE03A12}.Debug|Any CPU.Build.0 = Debug|Any CPU
		{30070734-422B-4C24-BE3F-906E2AE03A12}.Debug|x86.ActiveCfg = Debug|Any CPU
		{30070734-422B-4C24-BE3F-906E2AE03A12}.Debug|x86.Build.0 = Debug|Any CPU
		{30070734-422B-4C24-BE3F-906E2AE03A12}.Release|Any CPU.ActiveCfg = Release|Any CPU
		{30070734-422B-4C24-BE3F-906E2AE03A12}.Release|Any CPU.Build.0 = Release|Any CPU
		{30070734-422B-4C24-BE3F-906E2AE03A12}.Release|x86.ActiveCfg = Release|Any CPU
		{30070734-422B-4C24-BE3F-906E2AE03A12}.Release|x86.Build.0 = Release|Any CPU
		{C57A61D9-4E45-41BB-AE75-933FBA9A9079}.Debug|Any CPU.ActiveCfg = Debug|Any CPU
		{C57A61D9-4E45-41BB-AE75-933FBA9A9079}.Debug|Any CPU.Build.0 = Debug|Any CPU
		{C57A61D9-4E45-41BB-AE75-933FBA9A9079}.Debug|x86.ActiveCfg = Debug|Any CPU
		{C57A61D9-4E45-41BB-AE75-933FBA9A9079}.Debug|x86.Build.0 = Debug|Any CPU
		{C57A61D9-4E45-41BB-AE75-933FBA9A9079}.Release|Any CPU.ActiveCfg = Release|Any CPU
		{C57A61D9-4E45-41BB-AE75-933FBA9A9079}.Release|Any CPU.Build.0 = Release|Any CPU
		{C57A61D9-4E45-41BB-AE75-933FBA9A9079}.Release|x86.ActiveCfg = Release|Any CPU
		{C57A61D9-4E45-41BB-AE75-933FBA9A9079}.Release|x86.Build.0 = Release|Any CPU
		{3520779C-829E-4276-9163-CA65490449F1}.Debug|Any CPU.ActiveCfg = Debug|Any CPU
		{3520779C-829E-4276-9163-CA65490449F1}.Debug|Any CPU.Build.0 = Debug|Any CPU
		{3520779C-829E-4276-9163-CA65490449F1}.Debug|x86.ActiveCfg = Debug|Any CPU
		{3520779C-829E-4276-9163-CA65490449F1}.Debug|x86.Build.0 = Debug|Any CPU
		{3520779C-829E-4276-9163-CA65490449F1}.Release|Any CPU.ActiveCfg = Release|Any CPU
		{3520779C-829E-4276-9163-CA65490449F1}.Release|Any CPU.Build.0 = Release|Any CPU
		{3520779C-829E-4276-9163-CA65490449F1}.Release|x86.ActiveCfg = Release|Any CPU
		{3520779C-829E-4276-9163-CA65490449F1}.Release|x86.Build.0 = Release|Any CPU
		{A60706FF-08D7-4320-99F9-A2413275CDF6}.Debug|Any CPU.ActiveCfg = Debug|Any CPU
		{A60706FF-08D7-4320-99F9-A2413275CDF6}.Debug|Any CPU.Build.0 = Debug|Any CPU
		{A60706FF-08D7-4320-99F9-A2413275CDF6}.Debug|x86.ActiveCfg = Debug|Any CPU
		{A60706FF-08D7-4320-99F9-A2413275CDF6}.Debug|x86.Build.0 = Debug|Any CPU
		{A60706FF-08D7-4320-99F9-A2413275CDF6}.Release|Any CPU.ActiveCfg = Release|Any CPU
		{A60706FF-08D7-4320-99F9-A2413275CDF6}.Release|Any CPU.Build.0 = Release|Any CPU
		{A60706FF-08D7-4320-99F9-A2413275CDF6}.Release|x86.ActiveCfg = Release|Any CPU
		{A60706FF-08D7-4320-99F9-A2413275CDF6}.Release|x86.Build.0 = Release|Any CPU
		{0EB34C67-4E1F-4D7B-A1E0-16061A857DEA}.Debug|Any CPU.ActiveCfg = Debug|Any CPU
		{0EB34C67-4E1F-4D7B-A1E0-16061A857DEA}.Debug|Any CPU.Build.0 = Debug|Any CPU
		{0EB34C67-4E1F-4D7B-A1E0-16061A857DEA}.Debug|x86.ActiveCfg = Debug|Any CPU
		{0EB34C67-4E1F-4D7B-A1E0-16061A857DEA}.Debug|x86.Build.0 = Debug|Any CPU
		{0EB34C67-4E1F-4D7B-A1E0-16061A857DEA}.Release|Any CPU.ActiveCfg = Release|Any CPU
		{0EB34C67-4E1F-4D7B-A1E0-16061A857DEA}.Release|Any CPU.Build.0 = Release|Any CPU
		{0EB34C67-4E1F-4D7B-A1E0-16061A857DEA}.Release|x86.ActiveCfg = Release|Any CPU
		{0EB34C67-4E1F-4D7B-A1E0-16061A857DEA}.Release|x86.Build.0 = Release|Any CPU
		{650BBE9A-D0C5-4590-A82A-8E63C664A893}.Debug|Any CPU.ActiveCfg = Debug|Any CPU
		{650BBE9A-D0C5-4590-A82A-8E63C664A893}.Debug|Any CPU.Build.0 = Debug|Any CPU
		{650BBE9A-D0C5-4590-A82A-8E63C664A893}.Debug|x86.ActiveCfg = Debug|Any CPU
		{650BBE9A-D0C5-4590-A82A-8E63C664A893}.Debug|x86.Build.0 = Debug|Any CPU
		{650BBE9A-D0C5-4590-A82A-8E63C664A893}.Release|Any CPU.ActiveCfg = Release|Any CPU
		{650BBE9A-D0C5-4590-A82A-8E63C664A893}.Release|Any CPU.Build.0 = Release|Any CPU
		{650BBE9A-D0C5-4590-A82A-8E63C664A893}.Release|x86.ActiveCfg = Release|Any CPU
		{650BBE9A-D0C5-4590-A82A-8E63C664A893}.Release|x86.Build.0 = Release|Any CPU
		{650BBE9A-D0C5-4590-A82A-8E63C664A894}.Debug|Any CPU.ActiveCfg = Debug|Any CPU
		{650BBE9A-D0C5-4590-A82A-8E63C664A894}.Debug|Any CPU.Build.0 = Debug|Any CPU
		{650BBE9A-D0C5-4590-A82A-8E63C664A894}.Debug|x86.ActiveCfg = Debug|Any CPU
		{650BBE9A-D0C5-4590-A82A-8E63C664A894}.Debug|x86.Build.0 = Debug|Any CPU
		{650BBE9A-D0C5-4590-A82A-8E63C664A894}.Release|Any CPU.ActiveCfg = Release|Any CPU
		{650BBE9A-D0C5-4590-A82A-8E63C664A894}.Release|Any CPU.Build.0 = Release|Any CPU
		{650BBE9A-D0C5-4590-A82A-8E63C664A894}.Release|x86.ActiveCfg = Release|Any CPU
		{650BBE9A-D0C5-4590-A82A-8E63C664A894}.Release|x86.Build.0 = Release|Any CPU
		{BA7A45C0-990C-4BD0-B0C0-4984054576E2}.Debug|Any CPU.ActiveCfg = Debug|Any CPU
		{BA7A45C0-990C-4BD0-B0C0-4984054576E2}.Debug|Any CPU.Build.0 = Debug|Any CPU
		{BA7A45C0-990C-4BD0-B0C0-4984054576E2}.Debug|x86.ActiveCfg = Debug|Any CPU
		{BA7A45C0-990C-4BD0-B0C0-4984054576E2}.Debug|x86.Build.0 = Debug|Any CPU
		{BA7A45C0-990C-4BD0-B0C0-4984054576E2}.Release|Any CPU.ActiveCfg = Release|Any CPU
		{BA7A45C0-990C-4BD0-B0C0-4984054576E2}.Release|Any CPU.Build.0 = Release|Any CPU
		{BA7A45C0-990C-4BD0-B0C0-4984054576E2}.Release|x86.ActiveCfg = Release|Any CPU
		{BA7A45C0-990C-4BD0-B0C0-4984054576E2}.Release|x86.Build.0 = Release|Any CPU
		{142D8B13-3EED-43A9-96BD-353FFA72E536}.Debug|Any CPU.ActiveCfg = Debug|Any CPU
		{142D8B13-3EED-43A9-96BD-353FFA72E536}.Debug|Any CPU.Build.0 = Debug|Any CPU
		{142D8B13-3EED-43A9-96BD-353FFA72E536}.Debug|x86.ActiveCfg = Debug|Any CPU
		{142D8B13-3EED-43A9-96BD-353FFA72E536}.Debug|x86.Build.0 = Debug|Any CPU
		{142D8B13-3EED-43A9-96BD-353FFA72E536}.Release|Any CPU.ActiveCfg = Release|Any CPU
		{142D8B13-3EED-43A9-96BD-353FFA72E536}.Release|Any CPU.Build.0 = Release|Any CPU
		{142D8B13-3EED-43A9-96BD-353FFA72E536}.Release|x86.ActiveCfg = Release|Any CPU
		{142D8B13-3EED-43A9-96BD-353FFA72E536}.Release|x86.Build.0 = Release|Any CPU
		{5702ADA9-6583-4019-ADA1-A48CCC3F53EA}.Debug|Any CPU.ActiveCfg = Debug|Any CPU
		{5702ADA9-6583-4019-ADA1-A48CCC3F53EA}.Debug|Any CPU.Build.0 = Debug|Any CPU
		{5702ADA9-6583-4019-ADA1-A48CCC3F53EA}.Debug|x86.ActiveCfg = Debug|Any CPU
		{5702ADA9-6583-4019-ADA1-A48CCC3F53EA}.Debug|x86.Build.0 = Debug|Any CPU
		{5702ADA9-6583-4019-ADA1-A48CCC3F53EA}.Release|Any CPU.ActiveCfg = Release|Any CPU
		{5702ADA9-6583-4019-ADA1-A48CCC3F53EA}.Release|Any CPU.Build.0 = Release|Any CPU
		{5702ADA9-6583-4019-ADA1-A48CCC3F53EA}.Release|x86.ActiveCfg = Release|Any CPU
		{5702ADA9-6583-4019-ADA1-A48CCC3F53EA}.Release|x86.Build.0 = Release|Any CPU
		{F2D46857-7BBF-433C-ABBE-F9E9DF4CD1DB}.Debug|Any CPU.ActiveCfg = Debug|Any CPU
		{F2D46857-7BBF-433C-ABBE-F9E9DF4CD1DB}.Debug|Any CPU.Build.0 = Debug|Any CPU
		{F2D46857-7BBF-433C-ABBE-F9E9DF4CD1DB}.Debug|x86.ActiveCfg = Debug|Any CPU
		{F2D46857-7BBF-433C-ABBE-F9E9DF4CD1DB}.Debug|x86.Build.0 = Debug|Any CPU
		{F2D46857-7BBF-433C-ABBE-F9E9DF4CD1DB}.Release|Any CPU.ActiveCfg = Release|Any CPU
		{F2D46857-7BBF-433C-ABBE-F9E9DF4CD1DB}.Release|Any CPU.Build.0 = Release|Any CPU
		{F2D46857-7BBF-433C-ABBE-F9E9DF4CD1DB}.Release|x86.ActiveCfg = Release|Any CPU
		{F2D46857-7BBF-433C-ABBE-F9E9DF4CD1DB}.Release|x86.Build.0 = Release|Any CPU
		{688E02E6-FD92-4FD1-9484-033459E61D61}.Debug|Any CPU.ActiveCfg = Debug|Any CPU
		{688E02E6-FD92-4FD1-9484-033459E61D61}.Debug|Any CPU.Build.0 = Debug|Any CPU
		{688E02E6-FD92-4FD1-9484-033459E61D61}.Debug|x86.ActiveCfg = Debug|Any CPU
		{688E02E6-FD92-4FD1-9484-033459E61D61}.Debug|x86.Build.0 = Debug|Any CPU
		{688E02E6-FD92-4FD1-9484-033459E61D61}.Release|Any CPU.ActiveCfg = Release|Any CPU
		{688E02E6-FD92-4FD1-9484-033459E61D61}.Release|Any CPU.Build.0 = Release|Any CPU
		{688E02E6-FD92-4FD1-9484-033459E61D61}.Release|x86.ActiveCfg = Release|Any CPU
		{688E02E6-FD92-4FD1-9484-033459E61D61}.Release|x86.Build.0 = Release|Any CPU
		{2ED5FD1F-4C66-4B2F-8D17-ABB35BA38E62}.Debug|Any CPU.ActiveCfg = Debug|Any CPU
		{2ED5FD1F-4C66-4B2F-8D17-ABB35BA38E62}.Debug|Any CPU.Build.0 = Debug|Any CPU
		{2ED5FD1F-4C66-4B2F-8D17-ABB35BA38E62}.Debug|x86.ActiveCfg = Debug|Any CPU
		{2ED5FD1F-4C66-4B2F-8D17-ABB35BA38E62}.Debug|x86.Build.0 = Debug|Any CPU
		{2ED5FD1F-4C66-4B2F-8D17-ABB35BA38E62}.Release|Any CPU.ActiveCfg = Release|Any CPU
		{2ED5FD1F-4C66-4B2F-8D17-ABB35BA38E62}.Release|Any CPU.Build.0 = Release|Any CPU
		{2ED5FD1F-4C66-4B2F-8D17-ABB35BA38E62}.Release|x86.ActiveCfg = Release|Any CPU
		{2ED5FD1F-4C66-4B2F-8D17-ABB35BA38E62}.Release|x86.Build.0 = Release|Any CPU
		{139FDB68-483A-46FA-98F2-62430D0A91E3}.Debug|Any CPU.ActiveCfg = Debug|Any CPU
		{139FDB68-483A-46FA-98F2-62430D0A91E3}.Debug|Any CPU.Build.0 = Debug|Any CPU
		{139FDB68-483A-46FA-98F2-62430D0A91E3}.Debug|x86.ActiveCfg = Debug|Any CPU
		{139FDB68-483A-46FA-98F2-62430D0A91E3}.Debug|x86.Build.0 = Debug|Any CPU
		{139FDB68-483A-46FA-98F2-62430D0A91E3}.Release|Any CPU.ActiveCfg = Release|Any CPU
		{139FDB68-483A-46FA-98F2-62430D0A91E3}.Release|Any CPU.Build.0 = Release|Any CPU
		{139FDB68-483A-46FA-98F2-62430D0A91E3}.Release|x86.ActiveCfg = Release|Any CPU
		{139FDB68-483A-46FA-98F2-62430D0A91E3}.Release|x86.Build.0 = Release|Any CPU
	EndGlobalSection
	GlobalSection(SolutionProperties) = preSolution
		HideSolutionNode = FALSE
	EndGlobalSection
	GlobalSection(NestedProjects) = preSolution
		{9E20DA0B-348E-4E84-A5CB-E63956E51016} = {747209EF-DDA1-4F08-AF29-A75728FE86A5}
		{159B8E2A-E38A-411C-A798-F5EB41047019} = {0028922E-4789-44CE-B9FC-FD488E7E41EB}
		{E2815404-3C9B-4873-AAA1-696B75755BDF} = {0028922E-4789-44CE-B9FC-FD488E7E41EB}
		{83DDF45B-CD99-4275-B07D-C7F00F0D0848} = {159B8E2A-E38A-411C-A798-F5EB41047019}
		{F91126C7-D78E-4599-8206-80B65359C865} = {159B8E2A-E38A-411C-A798-F5EB41047019}
		{2F761E61-2724-492E-B79F-C64D9B032613} = {159B8E2A-E38A-411C-A798-F5EB41047019}
		{CCF76780-E1CB-4EC8-832B-1378CAF0B694} = {159B8E2A-E38A-411C-A798-F5EB41047019}
		{1619FBAF-D0C6-4D3A-8484-3F81BF70944B} = {159B8E2A-E38A-411C-A798-F5EB41047019}
		{B23A005D-3573-44BE-B27D-E5080675A3B7} = {159B8E2A-E38A-411C-A798-F5EB41047019}
		{1DFA2E32-70D8-47AD-A585-29BE63C86DD3} = {159B8E2A-E38A-411C-A798-F5EB41047019}
		{1F04F790-76C3-45A4-980E-62A506633BF8} = {159B8E2A-E38A-411C-A798-F5EB41047019}
		{C0C8A362-FBDD-4B6C-BF21-DD1B641F3201} = {159B8E2A-E38A-411C-A798-F5EB41047019}
		{0D04BD5C-B0EC-48C8-B3BF-4D330F9681ED} = {159B8E2A-E38A-411C-A798-F5EB41047019}
		{A952EC3D-F3A1-4600-A0BC-9FE87B22A20A} = {159B8E2A-E38A-411C-A798-F5EB41047019}
		{BD7BE0BD-9015-413B-961E-68D3E8EAECB6} = {159B8E2A-E38A-411C-A798-F5EB41047019}
		{8074E557-A27B-4EE1-AFC0-BA177231A77C} = {159B8E2A-E38A-411C-A798-F5EB41047019}
		{39088860-F57B-47AE-B5FB-0A12DB3007F1} = {159B8E2A-E38A-411C-A798-F5EB41047019}
		{05F0565E-2A8F-4FEE-A9CE-44499D295905} = {159B8E2A-E38A-411C-A798-F5EB41047019}
		{E943DD6D-D4B1-475B-8698-0E72589EDCC6} = {9E28217A-B882-46E1-B4BD-0B98ED6DE47B}
		{149F5B38-CCBC-4AB6-A646-3B78440DEDEC} = {E943DD6D-D4B1-475B-8698-0E72589EDCC6}
		{2130FE05-E84B-4596-B05E-6B77A1CCC8A4} = {E943DD6D-D4B1-475B-8698-0E72589EDCC6}
		{D488E3A6-342B-48B0-B11E-ADEE319DE6CC} = {E943DD6D-D4B1-475B-8698-0E72589EDCC6}
		{C5D63095-39D9-4DC2-8A7E-3072300B945D} = {E943DD6D-D4B1-475B-8698-0E72589EDCC6}
		{11671D42-6282-4586-9C54-0AF245E08BFC} = {E943DD6D-D4B1-475B-8698-0E72589EDCC6}
		{3CFBE1AA-475A-46ED-8F46-62AE7F3B5CBB} = {E2815404-3C9B-4873-AAA1-696B75755BDF}
		{30070734-422B-4C24-BE3F-906E2AE03A10} = {E2815404-3C9B-4873-AAA1-696B75755BDF}
		{30070734-422B-4C24-BE3F-906E2AE03A12} = {E2815404-3C9B-4873-AAA1-696B75755BDF}
		{C57A61D9-4E45-41BB-AE75-933FBA9A9079} = {E2815404-3C9B-4873-AAA1-696B75755BDF}
		{3520779C-829E-4276-9163-CA65490449F1} = {E2815404-3C9B-4873-AAA1-696B75755BDF}
		{A60706FF-08D7-4320-99F9-A2413275CDF6} = {E2815404-3C9B-4873-AAA1-696B75755BDF}
		{0EB34C67-4E1F-4D7B-A1E0-16061A857DEA} = {E2815404-3C9B-4873-AAA1-696B75755BDF}
		{650BBE9A-D0C5-4590-A82A-8E63C664A893} = {E2815404-3C9B-4873-AAA1-696B75755BDF}
		{650BBE9A-D0C5-4590-A82A-8E63C664A894} = {E2815404-3C9B-4873-AAA1-696B75755BDF}
		{641EC57C-4A93-4710-8469-5D379A0E0B7A} = {9E28217A-B882-46E1-B4BD-0B98ED6DE47B}
		{BA7A45C0-990C-4BD0-B0C0-4984054576E2} = {641EC57C-4A93-4710-8469-5D379A0E0B7A}
		{142D8B13-3EED-43A9-96BD-353FFA72E536} = {641EC57C-4A93-4710-8469-5D379A0E0B7A}
		{5702ADA9-6583-4019-ADA1-A48CCC3F53EA} = {641EC57C-4A93-4710-8469-5D379A0E0B7A}
		{F2D46857-7BBF-433C-ABBE-F9E9DF4CD1DB} = {641EC57C-4A93-4710-8469-5D379A0E0B7A}
		{688E02E6-FD92-4FD1-9484-033459E61D61} = {E2815404-3C9B-4873-AAA1-696B75755BDF}
		{42D0C859-9AAC-4893-B6CB-25463EF21732} = {0028922E-4789-44CE-B9FC-FD488E7E41EB}
		{2ED5FD1F-4C66-4B2F-8D17-ABB35BA38E62} = {42D0C859-9AAC-4893-B6CB-25463EF21732}
		{139FDB68-483A-46FA-98F2-62430D0A91E3} = {159B8E2A-E38A-411C-A798-F5EB41047019}
	EndGlobalSection
	GlobalSection(ExtensibilityGlobals) = postSolution
		SolutionGuid = {583A0EE8-123E-4527-835C-EF2149A86292}
	EndGlobalSection
EndGlobal
