
Microsoft Visual Studio Solution File, Format Version 11.00
# Visual Studio 2010
Project("{FAE04EC0-301F-11D3-BF4B-00C04F79EFBC}") = "mcs", "mcs.csproj", "{D4A01C5B-A1B5-48F5-BB5B-D2E1BD236E56}"
EndProject
Project("{8BC9CEB8-8B4A-11D0-8D11-00A0C91BC942}") = "jay2010", "..\jay\jay2010.vcxproj", "{5D485D32-3B9F-4287-AB24-C8DA5B89F537}"
EndProject
Global
	GlobalSection(SolutionConfigurationPlatforms) = preSolution
		Debug - AST|Any CPU = Debug - AST|Any CPU
		Debug - AST|Mixed Platforms = Debug - AST|Mixed Platforms
		Debug - AST|Win32 = Debug - AST|Win32
		Debug|Any CPU = Debug|Any CPU
		Debug|Mixed Platforms = Debug|Mixed Platforms
		Debug|Win32 = Debug|Win32
		Release|Any CPU = Release|Any CPU
		Release|Mixed Platforms = Release|Mixed Platforms
		Release|Win32 = Release|Win32
	EndGlobalSection
	GlobalSection(ProjectConfigurationPlatforms) = postSolution
		{D4A01C5B-A1B5-48F5-BB5B-D2E1BD236E56}.Debug - AST|Any CPU.ActiveCfg = Debug - AST|Any CPU
		{D4A01C5B-A1B5-48F5-BB5B-D2E1BD236E56}.Debug - AST|Any CPU.Build.0 = Debug - AST|Any CPU
		{D4A01C5B-A1B5-48F5-BB5B-D2E1BD236E56}.Debug - AST|Mixed Platforms.ActiveCfg = Debug - AST|Any CPU
		{D4A01C5B-A1B5-48F5-BB5B-D2E1BD236E56}.Debug - AST|Mixed Platforms.Build.0 = Debug - AST|Any CPU
		{D4A01C5B-A1B5-48F5-BB5B-D2E1BD236E56}.Debug - AST|Win32.ActiveCfg = Debug - AST|Any CPU
		{D4A01C5B-A1B5-48F5-BB5B-D2E1BD236E56}.Debug|Any CPU.ActiveCfg = Debug|Any CPU
		{D4A01C5B-A1B5-48F5-BB5B-D2E1BD236E56}.Debug|Any CPU.Build.0 = Debug|Any CPU
		{D4A01C5B-A1B5-48F5-BB5B-D2E1BD236E56}.Debug|Mixed Platforms.ActiveCfg = Debug|Any CPU
		{D4A01C5B-A1B5-48F5-BB5B-D2E1BD236E56}.Debug|Mixed Platforms.Build.0 = Debug|Any CPU
		{D4A01C5B-A1B5-48F5-BB5B-D2E1BD236E56}.Debug|Win32.ActiveCfg = Debug|Any CPU
		{D4A01C5B-A1B5-48F5-BB5B-D2E1BD236E56}.Release|Any CPU.ActiveCfg = Release|Any CPU
		{D4A01C5B-A1B5-48F5-BB5B-D2E1BD236E56}.Release|Any CPU.Build.0 = Release|Any CPU
		{D4A01C5B-A1B5-48F5-BB5B-D2E1BD236E56}.Release|Mixed Platforms.ActiveCfg = Release|Any CPU
		{D4A01C5B-A1B5-48F5-BB5B-D2E1BD236E56}.Release|Mixed Platforms.Build.0 = Release|Any CPU
		{D4A01C5B-A1B5-48F5-BB5B-D2E1BD236E56}.Release|Win32.ActiveCfg = Release|Any CPU
		{5D485D32-3B9F-4287-AB24-C8DA5B89F537}.Debug - AST|Any CPU.ActiveCfg = Debug|Win32
		{5D485D32-3B9F-4287-AB24-C8DA5B89F537}.Debug - AST|Mixed Platforms.ActiveCfg = Debug|Win32
		{5D485D32-3B9F-4287-AB24-C8DA5B89F537}.Debug - AST|Mixed Platforms.Build.0 = Debug|Win32
		{5D485D32-3B9F-4287-AB24-C8DA5B89F537}.Debug - AST|Win32.ActiveCfg = Debug|Win32
		{5D485D32-3B9F-4287-AB24-C8DA5B89F537}.Debug - AST|Win32.Build.0 = Debug|Win32
		{5D485D32-3B9F-4287-AB24-C8DA5B89F537}.Debug|Any CPU.ActiveCfg = Debug|Win32
		{5D485D32-3B9F-4287-AB24-C8DA5B89F537}.Debug|Mixed Platforms.ActiveCfg = Debug|Win32
		{5D485D32-3B9F-4287-AB24-C8DA5B89F537}.Debug|Mixed Platforms.Build.0 = Debug|Win32
		{5D485D32-3B9F-4287-AB24-C8DA5B89F537}.Debug|Win32.ActiveCfg = Debug|Win32
		{5D485D32-3B9F-4287-AB24-C8DA5B89F537}.Debug|Win32.Build.0 = Debug|Win32
		{5D485D32-3B9F-4287-AB24-C8DA5B89F537}.Release|Any CPU.ActiveCfg = Release|Win32
		{5D485D32-3B9F-4287-AB24-C8DA5B89F537}.Release|Mixed Platforms.ActiveCfg = Release|Win32
		{5D485D32-3B9F-4287-AB24-C8DA5B89F537}.Release|Mixed Platforms.Build.0 = Release|Win32
		{5D485D32-3B9F-4287-AB24-C8DA5B89F537}.Release|Win32.ActiveCfg = Release|Win32
		{5D485D32-3B9F-4287-AB24-C8DA5B89F537}.Release|Win32.Build.0 = Release|Win32
	EndGlobalSection
	GlobalSection(SolutionProperties) = preSolution
		HideSolutionNode = FALSE
	EndGlobalSection
EndGlobal
